// !$*UTF8*$!
{
	archiveVersion = 1;
	classes = {
	};
	objectVersion = 46;
	objects = {

/* Begin PBXBuildFile section */
		2CD798611C3233710052C18C /* Reachability.swift in Sources */ = {isa = PBXBuildFile; fileRef = 2CD798601C3233710052C18C /* Reachability.swift */; };
		2CF9697A1C4BDA890000D77B /* ModelTest.swift in Sources */ = {isa = PBXBuildFile; fileRef = 2CF969791C4BDA890000D77B /* ModelTest.swift */; };
		4F18EA6E1C209CDF009764D2 /* ProfileViewController.swift in Sources */ = {isa = PBXBuildFile; fileRef = 4F18EA6D1C209CDF009764D2 /* ProfileViewController.swift */; };
		4F1ED5121C1B325900E40F4B /* DeviceExtension.swift in Sources */ = {isa = PBXBuildFile; fileRef = 4F1ED5111C1B325900E40F4B /* DeviceExtension.swift */; };
		4F1ED5141C1B790900E40F4B /* ParseUI.framework in Frameworks */ = {isa = PBXBuildFile; fileRef = 4F1ED5131C1B790900E40F4B /* ParseUI.framework */; };
		4F4A70F01BFCDE8C009FDD79 /* BasicCell.swift in Sources */ = {isa = PBXBuildFile; fileRef = 4F4A70EF1BFCDE8C009FDD79 /* BasicCell.swift */; };
		4F4A70F21BFD33A1009FDD79 /* IndividualHomeViewController.swift in Sources */ = {isa = PBXBuildFile; fileRef = 4F4A70F11BFD33A1009FDD79 /* IndividualHomeViewController.swift */; };
		4FADCA6B1C0E2A29000186A8 /* FORZA-LIGHT.OTF in Resources */ = {isa = PBXBuildFile; fileRef = 4FADCA5B1C0DEC26000186A8 /* FORZA-LIGHT.OTF */; };
		4FADCA6D1C0E2B7E000186A8 /* Model.swift in Sources */ = {isa = PBXBuildFile; fileRef = 4FADCA6C1C0E2B7E000186A8 /* Model.swift */; };
		4FAF3CD21BE106EB00A89A9A /* AppDelegate.swift in Sources */ = {isa = PBXBuildFile; fileRef = 4FAF3CD11BE106EB00A89A9A /* AppDelegate.swift */; };
		4FAF3CD71BE106EB00A89A9A /* Main.storyboard in Resources */ = {isa = PBXBuildFile; fileRef = 4FAF3CD51BE106EB00A89A9A /* Main.storyboard */; };
		4FAF3CD91BE106EB00A89A9A /* Assets.xcassets in Resources */ = {isa = PBXBuildFile; fileRef = 4FAF3CD81BE106EB00A89A9A /* Assets.xcassets */; };
		4FAF3CDC1BE106EB00A89A9A /* LaunchScreen.storyboard in Resources */ = {isa = PBXBuildFile; fileRef = 4FAF3CDA1BE106EB00A89A9A /* LaunchScreen.storyboard */; };
		4FAF3CE71BE106EB00A89A9A /* FirstMortgageTests.swift in Sources */ = {isa = PBXBuildFile; fileRef = 4FAF3CE61BE106EB00A89A9A /* FirstMortgageTests.swift */; };
		4FAF3CF21BE106EB00A89A9A /* FirstMortgageUITests.swift in Sources */ = {isa = PBXBuildFile; fileRef = 4FAF3CF11BE106EB00A89A9A /* FirstMortgageUITests.swift */; };
		4FAF3D041BE1085400A89A9A /* HomeViewController.swift in Sources */ = {isa = PBXBuildFile; fileRef = 4FAF3D031BE1085400A89A9A /* HomeViewController.swift */; };
		4FAF3D061BE1093600A89A9A /* MyHomesViewController.swift in Sources */ = {isa = PBXBuildFile; fileRef = 4FAF3D051BE1093600A89A9A /* MyHomesViewController.swift */; };
		4FAF3D081BE1094900A89A9A /* AddHomeViewController.swift in Sources */ = {isa = PBXBuildFile; fileRef = 4FAF3D071BE1094900A89A9A /* AddHomeViewController.swift */; };
		4FAF3D0A1BE109F800A89A9A /* CalculatorsViewController.swift in Sources */ = {isa = PBXBuildFile; fileRef = 4FAF3D091BE109F800A89A9A /* CalculatorsViewController.swift */; };
		4FAF3D0E1BE10AAE00A89A9A /* FindBranchViewController.swift in Sources */ = {isa = PBXBuildFile; fileRef = 4FAF3D0D1BE10AAE00A89A9A /* FindBranchViewController.swift */; };
		4FAF3D121BE10CF200A89A9A /* Bolts.framework in Frameworks */ = {isa = PBXBuildFile; fileRef = 4FAF3D101BE10CF200A89A9A /* Bolts.framework */; };
		4FAF3D131BE10CF200A89A9A /* Parse.framework in Frameworks */ = {isa = PBXBuildFile; fileRef = 4FAF3D111BE10CF200A89A9A /* Parse.framework */; };
		4FAF3D151BE10D1100A89A9A /* AudioToolbox.framework in Frameworks */ = {isa = PBXBuildFile; fileRef = 4FAF3D141BE10D1100A89A9A /* AudioToolbox.framework */; };
		4FAF3D171BE10D1900A89A9A /* CFNetwork.framework in Frameworks */ = {isa = PBXBuildFile; fileRef = 4FAF3D161BE10D1900A89A9A /* CFNetwork.framework */; };
		4FAF3D191BE10D2100A89A9A /* CoreGraphics.framework in Frameworks */ = {isa = PBXBuildFile; fileRef = 4FAF3D181BE10D2100A89A9A /* CoreGraphics.framework */; };
		4FAF3D1B1BE10D2800A89A9A /* CoreLocation.framework in Frameworks */ = {isa = PBXBuildFile; fileRef = 4FAF3D1A1BE10D2800A89A9A /* CoreLocation.framework */; };
		4FAF3D1D1BE10D3100A89A9A /* QuartzCore.framework in Frameworks */ = {isa = PBXBuildFile; fileRef = 4FAF3D1C1BE10D3100A89A9A /* QuartzCore.framework */; };
		4FAF3D1F1BE10D3E00A89A9A /* Security.framework in Frameworks */ = {isa = PBXBuildFile; fileRef = 4FAF3D1E1BE10D3E00A89A9A /* Security.framework */; };
		4FAF3D211BE10D4500A89A9A /* StoreKit.framework in Frameworks */ = {isa = PBXBuildFile; fileRef = 4FAF3D201BE10D4500A89A9A /* StoreKit.framework */; };
		4FAF3D231BE10D5500A89A9A /* SystemConfiguration.framework in Frameworks */ = {isa = PBXBuildFile; fileRef = 4FAF3D221BE10D5500A89A9A /* SystemConfiguration.framework */; };
		4FAF3D251BE10D5D00A89A9A /* libz.tbd in Frameworks */ = {isa = PBXBuildFile; fileRef = 4FAF3D241BE10D5D00A89A9A /* libz.tbd */; };
		4FAF3D271BE10D6600A89A9A /* libsqlite3.tbd in Frameworks */ = {isa = PBXBuildFile; fileRef = 4FAF3D261BE10D6600A89A9A /* libsqlite3.tbd */; };
		4FAF3D291BE10D6F00A89A9A /* Accounts.framework in Frameworks */ = {isa = PBXBuildFile; fileRef = 4FAF3D281BE10D6F00A89A9A /* Accounts.framework */; };
		4FAF3D2B1BE10D7500A89A9A /* Social.framework in Frameworks */ = {isa = PBXBuildFile; fileRef = 4FAF3D2A1BE10D7500A89A9A /* Social.framework */; };
		4FC4C94C1C3B2FB0007BDCC0 /* FORZA-MEDIUM.OTF in Resources */ = {isa = PBXBuildFile; fileRef = 4FADCA5D1C0DEC26000186A8 /* FORZA-MEDIUM.OTF */; };
		4FD9EEE71C4E868D003918A8 /* add_grey.png in Resources */ = {isa = PBXBuildFile; fileRef = 4FD9EE971C4E868C003918A8 /* add_grey.png */; };
		4FD9EEE81C4E868D003918A8 /* add_grey@2x.png in Resources */ = {isa = PBXBuildFile; fileRef = 4FD9EE981C4E868C003918A8 /* add_grey@2x.png */; };
		4FD9EEE91C4E868D003918A8 /* add_grey@3x.png in Resources */ = {isa = PBXBuildFile; fileRef = 4FD9EE991C4E868C003918A8 /* add_grey@3x.png */; };
		4FD9EEEA1C4E868D003918A8 /* add_white.png in Resources */ = {isa = PBXBuildFile; fileRef = 4FD9EE9A1C4E868C003918A8 /* add_white.png */; };
		4FD9EEEB1C4E868D003918A8 /* add_white@2x.png in Resources */ = {isa = PBXBuildFile; fileRef = 4FD9EE9B1C4E868C003918A8 /* add_white@2x.png */; };
		4FD9EEEC1C4E868D003918A8 /* add_white@3x.png in Resources */ = {isa = PBXBuildFile; fileRef = 4FD9EE9C1C4E868C003918A8 /* add_white@3x.png */; };
		4FD9EEED1C4E868D003918A8 /* back_grey.png in Resources */ = {isa = PBXBuildFile; fileRef = 4FD9EE9D1C4E868C003918A8 /* back_grey.png */; };
		4FD9EEEE1C4E868D003918A8 /* back_grey@2x.png in Resources */ = {isa = PBXBuildFile; fileRef = 4FD9EE9E1C4E868C003918A8 /* back_grey@2x.png */; };
		4FD9EEEF1C4E868D003918A8 /* back_grey@3x.png in Resources */ = {isa = PBXBuildFile; fileRef = 4FD9EE9F1C4E868C003918A8 /* back_grey@3x.png */; };
		4FD9EEF01C4E868D003918A8 /* bank_icon.png in Resources */ = {isa = PBXBuildFile; fileRef = 4FD9EEA01C4E868C003918A8 /* bank_icon.png */; };
		4FD9EEF11C4E868D003918A8 /* bank_icon@2x.png in Resources */ = {isa = PBXBuildFile; fileRef = 4FD9EEA11C4E868C003918A8 /* bank_icon@2x.png */; };
		4FD9EEF21C4E868D003918A8 /* bank_icon@3x.png in Resources */ = {isa = PBXBuildFile; fileRef = 4FD9EEA21C4E868C003918A8 /* bank_icon@3x.png */; };
		4FD9EEF31C4E868D003918A8 /* calculator_icon.png in Resources */ = {isa = PBXBuildFile; fileRef = 4FD9EEA31C4E868C003918A8 /* calculator_icon.png */; };
		4FD9EEF41C4E868D003918A8 /* calculator_icon@2x.png in Resources */ = {isa = PBXBuildFile; fileRef = 4FD9EEA41C4E868C003918A8 /* calculator_icon@2x.png */; };
		4FD9EEF51C4E868D003918A8 /* calculator_icon@3x.png in Resources */ = {isa = PBXBuildFile; fileRef = 4FD9EEA51C4E868C003918A8 /* calculator_icon@3x.png */; };
		4FD9EEF61C4E868D003918A8 /* camera_icon.png in Resources */ = {isa = PBXBuildFile; fileRef = 4FD9EEA61C4E868C003918A8 /* camera_icon.png */; };
		4FD9EEF71C4E868D003918A8 /* camera_icon@2x.png in Resources */ = {isa = PBXBuildFile; fileRef = 4FD9EEA71C4E868C003918A8 /* camera_icon@2x.png */; };
		4FD9EEF81C4E868D003918A8 /* camera_icon@3x.png in Resources */ = {isa = PBXBuildFile; fileRef = 4FD9EEA81C4E868C003918A8 /* camera_icon@3x.png */; };
		4FD9EEF91C4E868D003918A8 /* checkmark_gray.png in Resources */ = {isa = PBXBuildFile; fileRef = 4FD9EEA91C4E868C003918A8 /* checkmark_gray.png */; };
		4FD9EEFA1C4E868D003918A8 /* checkmark_gray@2x.png in Resources */ = {isa = PBXBuildFile; fileRef = 4FD9EEAA1C4E868C003918A8 /* checkmark_gray@2x.png */; };
		4FD9EEFB1C4E868D003918A8 /* checkmark_gray@3x.png in Resources */ = {isa = PBXBuildFile; fileRef = 4FD9EEAB1C4E868C003918A8 /* checkmark_gray@3x.png */; };
		4FD9EEFC1C4E868D003918A8 /* checkmark_white.png in Resources */ = {isa = PBXBuildFile; fileRef = 4FD9EEAC1C4E868C003918A8 /* checkmark_white.png */; };
		4FD9EEFD1C4E868D003918A8 /* checkmark_white@2x.png in Resources */ = {isa = PBXBuildFile; fileRef = 4FD9EEAD1C4E868C003918A8 /* checkmark_white@2x.png */; };
		4FD9EEFE1C4E868D003918A8 /* checkmark_white@3x.png in Resources */ = {isa = PBXBuildFile; fileRef = 4FD9EEAE1C4E868C003918A8 /* checkmark_white@3x.png */; };
		4FD9EEFF1C4E868D003918A8 /* default_home.png in Resources */ = {isa = PBXBuildFile; fileRef = 4FD9EEAF1C4E868C003918A8 /* default_home.png */; };
		4FD9EF001C4E868D003918A8 /* default_home@2x.png in Resources */ = {isa = PBXBuildFile; fileRef = 4FD9EEB01C4E868C003918A8 /* default_home@2x.png */; };
		4FD9EF011C4E868D003918A8 /* default_home@3x.png in Resources */ = {isa = PBXBuildFile; fileRef = 4FD9EEB11C4E868C003918A8 /* default_home@3x.png */; };
		4FD9EF021C4E868D003918A8 /* default_lo.png in Resources */ = {isa = PBXBuildFile; fileRef = 4FD9EEB21C4E868C003918A8 /* default_lo.png */; };
		4FD9EF031C4E868D003918A8 /* default_lo@2x.png in Resources */ = {isa = PBXBuildFile; fileRef = 4FD9EEB31C4E868C003918A8 /* default_lo@2x.png */; };
		4FD9EF041C4E868D003918A8 /* default_lo@3x.png in Resources */ = {isa = PBXBuildFile; fileRef = 4FD9EEB41C4E868C003918A8 /* default_lo@3x.png */; };
		4FD9EF051C4E868D003918A8 /* divider.png in Resources */ = {isa = PBXBuildFile; fileRef = 4FD9EEB51C4E868C003918A8 /* divider.png */; };
		4FD9EF061C4E868D003918A8 /* edit_blue.png in Resources */ = {isa = PBXBuildFile; fileRef = 4FD9EEB61C4E868C003918A8 /* edit_blue.png */; };
		4FD9EF071C4E868D003918A8 /* edit_blue@2x.png in Resources */ = {isa = PBXBuildFile; fileRef = 4FD9EEB71C4E868C003918A8 /* edit_blue@2x.png */; };
		4FD9EF081C4E868D003918A8 /* edit_blue@3x.png in Resources */ = {isa = PBXBuildFile; fileRef = 4FD9EEB81C4E868C003918A8 /* edit_blue@3x.png */; };
		4FD9EF091C4E868D003918A8 /* edit_icon.png in Resources */ = {isa = PBXBuildFile; fileRef = 4FD9EEB91C4E868C003918A8 /* edit_icon.png */; };
		4FD9EF0A1C4E868D003918A8 /* edit_icon@2x.png in Resources */ = {isa = PBXBuildFile; fileRef = 4FD9EEBA1C4E868C003918A8 /* edit_icon@2x.png */; };
		4FD9EF0B1C4E868D003918A8 /* edit_icon@3x.png in Resources */ = {isa = PBXBuildFile; fileRef = 4FD9EEBB1C4E868C003918A8 /* edit_icon@3x.png */; };
		4FD9EF0C1C4E868D003918A8 /* edit_red.png in Resources */ = {isa = PBXBuildFile; fileRef = 4FD9EEBC1C4E868C003918A8 /* edit_red.png */; };
		4FD9EF0D1C4E868D003918A8 /* edit_red@2x.png in Resources */ = {isa = PBXBuildFile; fileRef = 4FD9EEBD1C4E868C003918A8 /* edit_red@2x.png */; };
		4FD9EF0E1C4E868D003918A8 /* edit_red@3x.png in Resources */ = {isa = PBXBuildFile; fileRef = 4FD9EEBE1C4E868C003918A8 /* edit_red@3x.png */; };
		4FD9EF0F1C4E868D003918A8 /* expand_white_up.png in Resources */ = {isa = PBXBuildFile; fileRef = 4FD9EEBF1C4E868C003918A8 /* expand_white_up.png */; };
		4FD9EF101C4E868D003918A8 /* expand_white_up@2x.png in Resources */ = {isa = PBXBuildFile; fileRef = 4FD9EEC01C4E868C003918A8 /* expand_white_up@2x.png */; };
		4FD9EF111C4E868D003918A8 /* expand_white_up@3x.png in Resources */ = {isa = PBXBuildFile; fileRef = 4FD9EEC11C4E868C003918A8 /* expand_white_up@3x.png */; };
		4FD9EF121C4E868D003918A8 /* expand_white.png in Resources */ = {isa = PBXBuildFile; fileRef = 4FD9EEC21C4E868C003918A8 /* expand_white.png */; };
		4FD9EF131C4E868D003918A8 /* expand_white@2x.png in Resources */ = {isa = PBXBuildFile; fileRef = 4FD9EEC31C4E868C003918A8 /* expand_white@2x.png */; };
		4FD9EF141C4E868D003918A8 /* expand_white@3x.png in Resources */ = {isa = PBXBuildFile; fileRef = 4FD9EEC41C4E868C003918A8 /* expand_white@3x.png */; };
		4FD9EF151C4E868D003918A8 /* hide_keyboard.png in Resources */ = {isa = PBXBuildFile; fileRef = 4FD9EEC51C4E868C003918A8 /* hide_keyboard.png */; };
		4FD9EF161C4E868D003918A8 /* home_icon.png in Resources */ = {isa = PBXBuildFile; fileRef = 4FD9EEC61C4E868C003918A8 /* home_icon.png */; };
		4FD9EF171C4E868D003918A8 /* home_icon@2x.png in Resources */ = {isa = PBXBuildFile; fileRef = 4FD9EEC71C4E868C003918A8 /* home_icon@2x.png */; };
		4FD9EF181C4E868D003918A8 /* home_icon@3x.png in Resources */ = {isa = PBXBuildFile; fileRef = 4FD9EEC81C4E868C003918A8 /* home_icon@3x.png */; };
		4FD9EF191C4E868D003918A8 /* home_in.png in Resources */ = {isa = PBXBuildFile; fileRef = 4FD9EEC91C4E868D003918A8 /* home_in.png */; };
		4FD9EF1A1C4E868D003918A8 /* homebackground.png in Resources */ = {isa = PBXBuildFile; fileRef = 4FD9EECA1C4E868D003918A8 /* homebackground.png */; };
		4FD9EF1B1C4E868D003918A8 /* inforscreen_reference.png in Resources */ = {isa = PBXBuildFile; fileRef = 4FD9EECB1C4E868D003918A8 /* inforscreen_reference.png */; };
		4FD9EF1C1C4E868D003918A8 /* launchscreen.png in Resources */ = {isa = PBXBuildFile; fileRef = 4FD9EECC1C4E868D003918A8 /* launchscreen.png */; };
		4FD9EF1D1C4E868D003918A8 /* launchscreen@2x.png in Resources */ = {isa = PBXBuildFile; fileRef = 4FD9EECD1C4E868D003918A8 /* launchscreen@2x.png */; };
		4FD9EF1E1C4E868D003918A8 /* launchscreen@3x.png in Resources */ = {isa = PBXBuildFile; fileRef = 4FD9EECE1C4E868D003918A8 /* launchscreen@3x.png */; };
		4FD9EF1F1C4E868D003918A8 /* loadscreen.png in Resources */ = {isa = PBXBuildFile; fileRef = 4FD9EECF1C4E868D003918A8 /* loadscreen.png */; };
		4FD9EF201C4E868D003918A8 /* loadscreen@2x.png in Resources */ = {isa = PBXBuildFile; fileRef = 4FD9EED01C4E868D003918A8 /* loadscreen@2x.png */; };
		4FD9EF211C4E868D003918A8 /* loadscreen@3x.png in Resources */ = {isa = PBXBuildFile; fileRef = 4FD9EED11C4E868D003918A8 /* loadscreen@3x.png */; };
		4FD9EF221C4E868D003918A8 /* Long_shadow.png in Resources */ = {isa = PBXBuildFile; fileRef = 4FD9EED21C4E868D003918A8 /* Long_shadow.png */; };
		4FD9EF231C4E868D003918A8 /* Money_icon-04.png in Resources */ = {isa = PBXBuildFile; fileRef = 4FD9EED31C4E868D003918A8 /* Money_icon-04.png */; };
		4FD9EF241C4E868D003918A8 /* overlay.png in Resources */ = {isa = PBXBuildFile; fileRef = 4FD9EED41C4E868D003918A8 /* overlay.png */; };
		4FD9EF251C4E868D003918A8 /* profile_icon.png in Resources */ = {isa = PBXBuildFile; fileRef = 4FD9EED51C4E868D003918A8 /* profile_icon.png */; };
		4FD9EF261C4E868D003918A8 /* profile_icon@2x.png in Resources */ = {isa = PBXBuildFile; fileRef = 4FD9EED61C4E868D003918A8 /* profile_icon@2x.png */; };
		4FD9EF271C4E868D003918A8 /* profile_icon@3x.png in Resources */ = {isa = PBXBuildFile; fileRef = 4FD9EED71C4E868D003918A8 /* profile_icon@3x.png */; };
		4FD9EF281C4E868D003918A8 /* profile_white.png in Resources */ = {isa = PBXBuildFile; fileRef = 4FD9EED81C4E868D003918A8 /* profile_white.png */; };
		4FD9EF291C4E868D003918A8 /* profile_white@2x.png in Resources */ = {isa = PBXBuildFile; fileRef = 4FD9EED91C4E868D003918A8 /* profile_white@2x.png */; };
		4FD9EF2A1C4E868D003918A8 /* profile_white@3x.png in Resources */ = {isa = PBXBuildFile; fileRef = 4FD9EEDA1C4E868D003918A8 /* profile_white@3x.png */; };
		4FD9EF2B1C4E868D003918A8 /* sort_icon.png in Resources */ = {isa = PBXBuildFile; fileRef = 4FD9EEDB1C4E868D003918A8 /* sort_icon.png */; };
		4FD9EF2C1C4E868D003918A8 /* sort_icon@2x.png in Resources */ = {isa = PBXBuildFile; fileRef = 4FD9EEDC1C4E868D003918A8 /* sort_icon@2x.png */; };
		4FD9EF2D1C4E868D003918A8 /* sort_icon@3x.png in Resources */ = {isa = PBXBuildFile; fileRef = 4FD9EEDD1C4E868D003918A8 /* sort_icon@3x.png */; };
		4FD9EF2E1C4E868D003918A8 /* Star_empty-01.png in Resources */ = {isa = PBXBuildFile; fileRef = 4FD9EEDE1C4E868D003918A8 /* Star_empty-01.png */; };
		4FD9EF2F1C4E868D003918A8 /* star_off_icon.png in Resources */ = {isa = PBXBuildFile; fileRef = 4FD9EEDF1C4E868D003918A8 /* star_off_icon.png */; };
		4FD9EF301C4E868D003918A8 /* star_on_icon.png in Resources */ = {isa = PBXBuildFile; fileRef = 4FD9EEE01C4E868D003918A8 /* star_on_icon.png */; };
		4FD9EF311C4E868D003918A8 /* star-0.png in Resources */ = {isa = PBXBuildFile; fileRef = 4FD9EEE11C4E868D003918A8 /* star-0.png */; };
		4FD9EF321C4E868D003918A8 /* star-1.png in Resources */ = {isa = PBXBuildFile; fileRef = 4FD9EEE21C4E868D003918A8 /* star-1.png */; };
		4FD9EF331C4E868D003918A8 /* star-2.png in Resources */ = {isa = PBXBuildFile; fileRef = 4FD9EEE31C4E868D003918A8 /* star-2.png */; };
		4FD9EF341C4E868D003918A8 /* star-3.png in Resources */ = {isa = PBXBuildFile; fileRef = 4FD9EEE41C4E868D003918A8 /* star-3.png */; };
		4FD9EF351C4E868D003918A8 /* star-4.png in Resources */ = {isa = PBXBuildFile; fileRef = 4FD9EEE51C4E868D003918A8 /* star-4.png */; };
		4FD9EF361C4E868D003918A8 /* star-5.png in Resources */ = {isa = PBXBuildFile; fileRef = 4FD9EEE61C4E868D003918A8 /* star-5.png */; };
		4FD9EF3D1C4EFABA003918A8 /* loadscreen_background.png in Resources */ = {isa = PBXBuildFile; fileRef = 4FD9EF371C4EFABA003918A8 /* loadscreen_background.png */; };
		4FD9EF3E1C4EFABA003918A8 /* loadscreen_background@2x.png in Resources */ = {isa = PBXBuildFile; fileRef = 4FD9EF381C4EFABA003918A8 /* loadscreen_background@2x.png */; };
		4FD9EF3F1C4EFABA003918A8 /* loadscreen_background@3x.png in Resources */ = {isa = PBXBuildFile; fileRef = 4FD9EF391C4EFABA003918A8 /* loadscreen_background@3x.png */; };
		4FD9EF401C4EFABA003918A8 /* loadscreen_overlay.png in Resources */ = {isa = PBXBuildFile; fileRef = 4FD9EF3A1C4EFABA003918A8 /* loadscreen_overlay.png */; };
		4FD9EF411C4EFABA003918A8 /* loadscreen_overlay@2x.png in Resources */ = {isa = PBXBuildFile; fileRef = 4FD9EF3B1C4EFABA003918A8 /* loadscreen_overlay@2x.png */; };
		4FD9EF421C4EFABA003918A8 /* loadscreen_overlay@3x.png in Resources */ = {isa = PBXBuildFile; fileRef = 4FD9EF3C1C4EFABA003918A8 /* loadscreen_overlay@3x.png */; };
/* End PBXBuildFile section */

/* Begin PBXContainerItemProxy section */
		4FAF3CE31BE106EB00A89A9A /* PBXContainerItemProxy */ = {
			isa = PBXContainerItemProxy;
			containerPortal = 4FAF3CC61BE106EB00A89A9A /* Project object */;
			proxyType = 1;
			remoteGlobalIDString = 4FAF3CCD1BE106EB00A89A9A;
			remoteInfo = FirstMortgage;
		};
		4FAF3CEE1BE106EB00A89A9A /* PBXContainerItemProxy */ = {
			isa = PBXContainerItemProxy;
			containerPortal = 4FAF3CC61BE106EB00A89A9A /* Project object */;
			proxyType = 1;
			remoteGlobalIDString = 4FAF3CCD1BE106EB00A89A9A;
			remoteInfo = FirstMortgage;
		};
/* End PBXContainerItemProxy section */

/* Begin PBXFileReference section */
		2CD798601C3233710052C18C /* Reachability.swift */ = {isa = PBXFileReference; fileEncoding = 4; lastKnownFileType = sourcecode.swift; name = Reachability.swift; path = FirstMortgage/Reachability.swift; sourceTree = "<group>"; };
		2CF969791C4BDA890000D77B /* ModelTest.swift */ = {isa = PBXFileReference; fileEncoding = 4; lastKnownFileType = sourcecode.swift; path = ModelTest.swift; sourceTree = "<group>"; };
		4F18EA6D1C209CDF009764D2 /* ProfileViewController.swift */ = {isa = PBXFileReference; fileEncoding = 4; lastKnownFileType = sourcecode.swift; path = ProfileViewController.swift; sourceTree = "<group>"; };
		4F1ED5111C1B325900E40F4B /* DeviceExtension.swift */ = {isa = PBXFileReference; fileEncoding = 4; lastKnownFileType = sourcecode.swift; name = DeviceExtension.swift; path = FirstMortgage/DeviceExtension.swift; sourceTree = "<group>"; };
		4F1ED5131C1B790900E40F4B /* ParseUI.framework */ = {isa = PBXFileReference; lastKnownFileType = wrapper.framework; name = ParseUI.framework; path = frameworks/ParseUI.framework; sourceTree = "<group>"; };
		4F4A70EF1BFCDE8C009FDD79 /* BasicCell.swift */ = {isa = PBXFileReference; fileEncoding = 4; lastKnownFileType = sourcecode.swift; name = BasicCell.swift; path = FirstMortgage/BasicCell.swift; sourceTree = "<group>"; };
		4F4A70F11BFD33A1009FDD79 /* IndividualHomeViewController.swift */ = {isa = PBXFileReference; fileEncoding = 4; lastKnownFileType = sourcecode.swift; path = IndividualHomeViewController.swift; sourceTree = "<group>"; };
		4FADCA551C0DEC26000186A8 /* FORZA-BLACK.OTF */ = {isa = PBXFileReference; lastKnownFileType = file; name = "FORZA-BLACK.OTF"; path = "fonts/FORZA-BLACK.OTF"; sourceTree = "<group>"; };
		4FADCA561C0DEC26000186A8 /* FORZA-BLACKITALIC.OTF */ = {isa = PBXFileReference; lastKnownFileType = file; name = "FORZA-BLACKITALIC.OTF"; path = "fonts/FORZA-BLACKITALIC.OTF"; sourceTree = "<group>"; };
		4FADCA571C0DEC26000186A8 /* FORZA-BOLD.OTF */ = {isa = PBXFileReference; lastKnownFileType = file; name = "FORZA-BOLD.OTF"; path = "fonts/FORZA-BOLD.OTF"; sourceTree = "<group>"; };
		4FADCA581C0DEC26000186A8 /* FORZA-BOLDITALIC.OTF */ = {isa = PBXFileReference; lastKnownFileType = file; name = "FORZA-BOLDITALIC.OTF"; path = "fonts/FORZA-BOLDITALIC.OTF"; sourceTree = "<group>"; };
		4FADCA591C0DEC26000186A8 /* FORZA-BOOK.OTF */ = {isa = PBXFileReference; lastKnownFileType = file; name = "FORZA-BOOK.OTF"; path = "fonts/FORZA-BOOK.OTF"; sourceTree = "<group>"; };
		4FADCA5A1C0DEC26000186A8 /* FORZA-BOOKITALIC.OTF */ = {isa = PBXFileReference; lastKnownFileType = file; name = "FORZA-BOOKITALIC.OTF"; path = "fonts/FORZA-BOOKITALIC.OTF"; sourceTree = "<group>"; };
		4FADCA5B1C0DEC26000186A8 /* FORZA-LIGHT.OTF */ = {isa = PBXFileReference; lastKnownFileType = file; name = "FORZA-LIGHT.OTF"; path = "fonts/FORZA-LIGHT.OTF"; sourceTree = "<group>"; };
		4FADCA5C1C0DEC26000186A8 /* FORZA-LIGHTITALIC.OTF */ = {isa = PBXFileReference; lastKnownFileType = file; name = "FORZA-LIGHTITALIC.OTF"; path = "fonts/FORZA-LIGHTITALIC.OTF"; sourceTree = "<group>"; };
		4FADCA5D1C0DEC26000186A8 /* FORZA-MEDIUM.OTF */ = {isa = PBXFileReference; lastKnownFileType = file; name = "FORZA-MEDIUM.OTF"; path = "fonts/FORZA-MEDIUM.OTF"; sourceTree = "<group>"; };
		4FADCA5E1C0DEC26000186A8 /* FORZA-MEDIUMITALIC.OTF */ = {isa = PBXFileReference; lastKnownFileType = file; name = "FORZA-MEDIUMITALIC.OTF"; path = "fonts/FORZA-MEDIUMITALIC.OTF"; sourceTree = "<group>"; };
		4FADCA5F1C0DEC26000186A8 /* FORZA-THIN.OTF */ = {isa = PBXFileReference; lastKnownFileType = file; name = "FORZA-THIN.OTF"; path = "fonts/FORZA-THIN.OTF"; sourceTree = "<group>"; };
		4FADCA601C0DEC26000186A8 /* FORZA-THINITALIC.OTF */ = {isa = PBXFileReference; lastKnownFileType = file; name = "FORZA-THINITALIC.OTF"; path = "fonts/FORZA-THINITALIC.OTF"; sourceTree = "<group>"; };
		4FADCA6C1C0E2B7E000186A8 /* Model.swift */ = {isa = PBXFileReference; fileEncoding = 4; lastKnownFileType = sourcecode.swift; name = Model.swift; path = FirstMortgage/Model.swift; sourceTree = "<group>"; };
		4FAF3CCE1BE106EB00A89A9A /* FirstMortgage.app */ = {isa = PBXFileReference; explicitFileType = wrapper.application; includeInIndex = 0; path = FirstMortgage.app; sourceTree = BUILT_PRODUCTS_DIR; };
		4FAF3CD11BE106EB00A89A9A /* AppDelegate.swift */ = {isa = PBXFileReference; lastKnownFileType = sourcecode.swift; path = AppDelegate.swift; sourceTree = "<group>"; };
		4FAF3CD61BE106EB00A89A9A /* Base */ = {isa = PBXFileReference; lastKnownFileType = file.storyboard; name = Base; path = Base.lproj/Main.storyboard; sourceTree = "<group>"; };
		4FAF3CD81BE106EB00A89A9A /* Assets.xcassets */ = {isa = PBXFileReference; lastKnownFileType = folder.assetcatalog; path = Assets.xcassets; sourceTree = "<group>"; };
		4FAF3CDB1BE106EB00A89A9A /* Base */ = {isa = PBXFileReference; lastKnownFileType = file.storyboard; name = Base; path = Base.lproj/LaunchScreen.storyboard; sourceTree = "<group>"; };
		4FAF3CDD1BE106EB00A89A9A /* Info.plist */ = {isa = PBXFileReference; lastKnownFileType = text.plist.xml; path = Info.plist; sourceTree = "<group>"; };
		4FAF3CE21BE106EB00A89A9A /* FirstMortgageTests.xctest */ = {isa = PBXFileReference; explicitFileType = wrapper.cfbundle; includeInIndex = 0; path = FirstMortgageTests.xctest; sourceTree = BUILT_PRODUCTS_DIR; };
		4FAF3CE61BE106EB00A89A9A /* FirstMortgageTests.swift */ = {isa = PBXFileReference; lastKnownFileType = sourcecode.swift; path = FirstMortgageTests.swift; sourceTree = "<group>"; };
		4FAF3CE81BE106EB00A89A9A /* Info.plist */ = {isa = PBXFileReference; lastKnownFileType = text.plist.xml; path = Info.plist; sourceTree = "<group>"; };
		4FAF3CED1BE106EB00A89A9A /* FirstMortgageUITests.xctest */ = {isa = PBXFileReference; explicitFileType = wrapper.cfbundle; includeInIndex = 0; path = FirstMortgageUITests.xctest; sourceTree = BUILT_PRODUCTS_DIR; };
		4FAF3CF11BE106EB00A89A9A /* FirstMortgageUITests.swift */ = {isa = PBXFileReference; lastKnownFileType = sourcecode.swift; path = FirstMortgageUITests.swift; sourceTree = "<group>"; };
		4FAF3CF31BE106EB00A89A9A /* Info.plist */ = {isa = PBXFileReference; lastKnownFileType = text.plist.xml; path = Info.plist; sourceTree = "<group>"; };
		4FAF3D031BE1085400A89A9A /* HomeViewController.swift */ = {isa = PBXFileReference; fileEncoding = 4; lastKnownFileType = sourcecode.swift; path = HomeViewController.swift; sourceTree = "<group>"; };
		4FAF3D051BE1093600A89A9A /* MyHomesViewController.swift */ = {isa = PBXFileReference; fileEncoding = 4; lastKnownFileType = sourcecode.swift; path = MyHomesViewController.swift; sourceTree = "<group>"; };
		4FAF3D071BE1094900A89A9A /* AddHomeViewController.swift */ = {isa = PBXFileReference; fileEncoding = 4; lastKnownFileType = sourcecode.swift; path = AddHomeViewController.swift; sourceTree = "<group>"; };
		4FAF3D091BE109F800A89A9A /* CalculatorsViewController.swift */ = {isa = PBXFileReference; fileEncoding = 4; lastKnownFileType = sourcecode.swift; path = CalculatorsViewController.swift; sourceTree = "<group>"; };
		4FAF3D0D1BE10AAE00A89A9A /* FindBranchViewController.swift */ = {isa = PBXFileReference; fileEncoding = 4; lastKnownFileType = sourcecode.swift; path = FindBranchViewController.swift; sourceTree = "<group>"; };
		4FAF3D101BE10CF200A89A9A /* Bolts.framework */ = {isa = PBXFileReference; lastKnownFileType = wrapper.framework; name = Bolts.framework; path = frameworks/Bolts.framework; sourceTree = "<group>"; };
		4FAF3D111BE10CF200A89A9A /* Parse.framework */ = {isa = PBXFileReference; lastKnownFileType = wrapper.framework; name = Parse.framework; path = frameworks/Parse.framework; sourceTree = "<group>"; };
		4FAF3D141BE10D1100A89A9A /* AudioToolbox.framework */ = {isa = PBXFileReference; lastKnownFileType = wrapper.framework; name = AudioToolbox.framework; path = System/Library/Frameworks/AudioToolbox.framework; sourceTree = SDKROOT; };
		4FAF3D161BE10D1900A89A9A /* CFNetwork.framework */ = {isa = PBXFileReference; lastKnownFileType = wrapper.framework; name = CFNetwork.framework; path = System/Library/Frameworks/CFNetwork.framework; sourceTree = SDKROOT; };
		4FAF3D181BE10D2100A89A9A /* CoreGraphics.framework */ = {isa = PBXFileReference; lastKnownFileType = wrapper.framework; name = CoreGraphics.framework; path = System/Library/Frameworks/CoreGraphics.framework; sourceTree = SDKROOT; };
		4FAF3D1A1BE10D2800A89A9A /* CoreLocation.framework */ = {isa = PBXFileReference; lastKnownFileType = wrapper.framework; name = CoreLocation.framework; path = System/Library/Frameworks/CoreLocation.framework; sourceTree = SDKROOT; };
		4FAF3D1C1BE10D3100A89A9A /* QuartzCore.framework */ = {isa = PBXFileReference; lastKnownFileType = wrapper.framework; name = QuartzCore.framework; path = System/Library/Frameworks/QuartzCore.framework; sourceTree = SDKROOT; };
		4FAF3D1E1BE10D3E00A89A9A /* Security.framework */ = {isa = PBXFileReference; lastKnownFileType = wrapper.framework; name = Security.framework; path = System/Library/Frameworks/Security.framework; sourceTree = SDKROOT; };
		4FAF3D201BE10D4500A89A9A /* StoreKit.framework */ = {isa = PBXFileReference; lastKnownFileType = wrapper.framework; name = StoreKit.framework; path = System/Library/Frameworks/StoreKit.framework; sourceTree = SDKROOT; };
		4FAF3D221BE10D5500A89A9A /* SystemConfiguration.framework */ = {isa = PBXFileReference; lastKnownFileType = wrapper.framework; name = SystemConfiguration.framework; path = System/Library/Frameworks/SystemConfiguration.framework; sourceTree = SDKROOT; };
		4FAF3D241BE10D5D00A89A9A /* libz.tbd */ = {isa = PBXFileReference; lastKnownFileType = "sourcecode.text-based-dylib-definition"; name = libz.tbd; path = usr/lib/libz.tbd; sourceTree = SDKROOT; };
		4FAF3D261BE10D6600A89A9A /* libsqlite3.tbd */ = {isa = PBXFileReference; lastKnownFileType = "sourcecode.text-based-dylib-definition"; name = libsqlite3.tbd; path = usr/lib/libsqlite3.tbd; sourceTree = SDKROOT; };
		4FAF3D281BE10D6F00A89A9A /* Accounts.framework */ = {isa = PBXFileReference; lastKnownFileType = wrapper.framework; name = Accounts.framework; path = System/Library/Frameworks/Accounts.framework; sourceTree = SDKROOT; };
		4FAF3D2A1BE10D7500A89A9A /* Social.framework */ = {isa = PBXFileReference; lastKnownFileType = wrapper.framework; name = Social.framework; path = System/Library/Frameworks/Social.framework; sourceTree = SDKROOT; };
		4FD9EE971C4E868C003918A8 /* add_grey.png */ = {isa = PBXFileReference; lastKnownFileType = image.png; name = add_grey.png; path = images/add_grey.png; sourceTree = "<group>"; };
		4FD9EE981C4E868C003918A8 /* add_grey@2x.png */ = {isa = PBXFileReference; lastKnownFileType = image.png; name = "add_grey@2x.png"; path = "images/add_grey@2x.png"; sourceTree = "<group>"; };
		4FD9EE991C4E868C003918A8 /* add_grey@3x.png */ = {isa = PBXFileReference; lastKnownFileType = image.png; name = "add_grey@3x.png"; path = "images/add_grey@3x.png"; sourceTree = "<group>"; };
		4FD9EE9A1C4E868C003918A8 /* add_white.png */ = {isa = PBXFileReference; lastKnownFileType = image.png; name = add_white.png; path = images/add_white.png; sourceTree = "<group>"; };
		4FD9EE9B1C4E868C003918A8 /* add_white@2x.png */ = {isa = PBXFileReference; lastKnownFileType = image.png; name = "add_white@2x.png"; path = "images/add_white@2x.png"; sourceTree = "<group>"; };
		4FD9EE9C1C4E868C003918A8 /* add_white@3x.png */ = {isa = PBXFileReference; lastKnownFileType = image.png; name = "add_white@3x.png"; path = "images/add_white@3x.png"; sourceTree = "<group>"; };
		4FD9EE9D1C4E868C003918A8 /* back_grey.png */ = {isa = PBXFileReference; lastKnownFileType = image.png; name = back_grey.png; path = images/back_grey.png; sourceTree = "<group>"; };
		4FD9EE9E1C4E868C003918A8 /* back_grey@2x.png */ = {isa = PBXFileReference; lastKnownFileType = image.png; name = "back_grey@2x.png"; path = "images/back_grey@2x.png"; sourceTree = "<group>"; };
		4FD9EE9F1C4E868C003918A8 /* back_grey@3x.png */ = {isa = PBXFileReference; lastKnownFileType = image.png; name = "back_grey@3x.png"; path = "images/back_grey@3x.png"; sourceTree = "<group>"; };
		4FD9EEA01C4E868C003918A8 /* bank_icon.png */ = {isa = PBXFileReference; lastKnownFileType = image.png; name = bank_icon.png; path = images/bank_icon.png; sourceTree = "<group>"; };
		4FD9EEA11C4E868C003918A8 /* bank_icon@2x.png */ = {isa = PBXFileReference; lastKnownFileType = image.png; name = "bank_icon@2x.png"; path = "images/bank_icon@2x.png"; sourceTree = "<group>"; };
		4FD9EEA21C4E868C003918A8 /* bank_icon@3x.png */ = {isa = PBXFileReference; lastKnownFileType = image.png; name = "bank_icon@3x.png"; path = "images/bank_icon@3x.png"; sourceTree = "<group>"; };
		4FD9EEA31C4E868C003918A8 /* calculator_icon.png */ = {isa = PBXFileReference; lastKnownFileType = image.png; name = calculator_icon.png; path = images/calculator_icon.png; sourceTree = "<group>"; };
		4FD9EEA41C4E868C003918A8 /* calculator_icon@2x.png */ = {isa = PBXFileReference; lastKnownFileType = image.png; name = "calculator_icon@2x.png"; path = "images/calculator_icon@2x.png"; sourceTree = "<group>"; };
		4FD9EEA51C4E868C003918A8 /* calculator_icon@3x.png */ = {isa = PBXFileReference; lastKnownFileType = image.png; name = "calculator_icon@3x.png"; path = "images/calculator_icon@3x.png"; sourceTree = "<group>"; };
		4FD9EEA61C4E868C003918A8 /* camera_icon.png */ = {isa = PBXFileReference; lastKnownFileType = image.png; name = camera_icon.png; path = images/camera_icon.png; sourceTree = "<group>"; };
		4FD9EEA71C4E868C003918A8 /* camera_icon@2x.png */ = {isa = PBXFileReference; lastKnownFileType = image.png; name = "camera_icon@2x.png"; path = "images/camera_icon@2x.png"; sourceTree = "<group>"; };
		4FD9EEA81C4E868C003918A8 /* camera_icon@3x.png */ = {isa = PBXFileReference; lastKnownFileType = image.png; name = "camera_icon@3x.png"; path = "images/camera_icon@3x.png"; sourceTree = "<group>"; };
		4FD9EEA91C4E868C003918A8 /* checkmark_gray.png */ = {isa = PBXFileReference; lastKnownFileType = image.png; name = checkmark_gray.png; path = images/checkmark_gray.png; sourceTree = "<group>"; };
		4FD9EEAA1C4E868C003918A8 /* checkmark_gray@2x.png */ = {isa = PBXFileReference; lastKnownFileType = image.png; name = "checkmark_gray@2x.png"; path = "images/checkmark_gray@2x.png"; sourceTree = "<group>"; };
		4FD9EEAB1C4E868C003918A8 /* checkmark_gray@3x.png */ = {isa = PBXFileReference; lastKnownFileType = image.png; name = "checkmark_gray@3x.png"; path = "images/checkmark_gray@3x.png"; sourceTree = "<group>"; };
		4FD9EEAC1C4E868C003918A8 /* checkmark_white.png */ = {isa = PBXFileReference; lastKnownFileType = image.png; name = checkmark_white.png; path = images/checkmark_white.png; sourceTree = "<group>"; };
		4FD9EEAD1C4E868C003918A8 /* checkmark_white@2x.png */ = {isa = PBXFileReference; lastKnownFileType = image.png; name = "checkmark_white@2x.png"; path = "images/checkmark_white@2x.png"; sourceTree = "<group>"; };
		4FD9EEAE1C4E868C003918A8 /* checkmark_white@3x.png */ = {isa = PBXFileReference; lastKnownFileType = image.png; name = "checkmark_white@3x.png"; path = "images/checkmark_white@3x.png"; sourceTree = "<group>"; };
		4FD9EEAF1C4E868C003918A8 /* default_home.png */ = {isa = PBXFileReference; lastKnownFileType = image.png; name = default_home.png; path = images/default_home.png; sourceTree = "<group>"; };
		4FD9EEB01C4E868C003918A8 /* default_home@2x.png */ = {isa = PBXFileReference; lastKnownFileType = image.png; name = "default_home@2x.png"; path = "images/default_home@2x.png"; sourceTree = "<group>"; };
		4FD9EEB11C4E868C003918A8 /* default_home@3x.png */ = {isa = PBXFileReference; lastKnownFileType = image.png; name = "default_home@3x.png"; path = "images/default_home@3x.png"; sourceTree = "<group>"; };
		4FD9EEB21C4E868C003918A8 /* default_lo.png */ = {isa = PBXFileReference; lastKnownFileType = image.png; name = default_lo.png; path = images/default_lo.png; sourceTree = "<group>"; };
		4FD9EEB31C4E868C003918A8 /* default_lo@2x.png */ = {isa = PBXFileReference; lastKnownFileType = image.png; name = "default_lo@2x.png"; path = "images/default_lo@2x.png"; sourceTree = "<group>"; };
		4FD9EEB41C4E868C003918A8 /* default_lo@3x.png */ = {isa = PBXFileReference; lastKnownFileType = image.png; name = "default_lo@3x.png"; path = "images/default_lo@3x.png"; sourceTree = "<group>"; };
		4FD9EEB51C4E868C003918A8 /* divider.png */ = {isa = PBXFileReference; lastKnownFileType = image.png; name = divider.png; path = images/divider.png; sourceTree = "<group>"; };
		4FD9EEB61C4E868C003918A8 /* edit_blue.png */ = {isa = PBXFileReference; lastKnownFileType = image.png; name = edit_blue.png; path = images/edit_blue.png; sourceTree = "<group>"; };
		4FD9EEB71C4E868C003918A8 /* edit_blue@2x.png */ = {isa = PBXFileReference; lastKnownFileType = image.png; name = "edit_blue@2x.png"; path = "images/edit_blue@2x.png"; sourceTree = "<group>"; };
		4FD9EEB81C4E868C003918A8 /* edit_blue@3x.png */ = {isa = PBXFileReference; lastKnownFileType = image.png; name = "edit_blue@3x.png"; path = "images/edit_blue@3x.png"; sourceTree = "<group>"; };
		4FD9EEB91C4E868C003918A8 /* edit_icon.png */ = {isa = PBXFileReference; lastKnownFileType = image.png; name = edit_icon.png; path = images/edit_icon.png; sourceTree = "<group>"; };
		4FD9EEBA1C4E868C003918A8 /* edit_icon@2x.png */ = {isa = PBXFileReference; lastKnownFileType = image.png; name = "edit_icon@2x.png"; path = "images/edit_icon@2x.png"; sourceTree = "<group>"; };
		4FD9EEBB1C4E868C003918A8 /* edit_icon@3x.png */ = {isa = PBXFileReference; lastKnownFileType = image.png; name = "edit_icon@3x.png"; path = "images/edit_icon@3x.png"; sourceTree = "<group>"; };
		4FD9EEBC1C4E868C003918A8 /* edit_red.png */ = {isa = PBXFileReference; lastKnownFileType = image.png; name = edit_red.png; path = images/edit_red.png; sourceTree = "<group>"; };
		4FD9EEBD1C4E868C003918A8 /* edit_red@2x.png */ = {isa = PBXFileReference; lastKnownFileType = image.png; name = "edit_red@2x.png"; path = "images/edit_red@2x.png"; sourceTree = "<group>"; };
		4FD9EEBE1C4E868C003918A8 /* edit_red@3x.png */ = {isa = PBXFileReference; lastKnownFileType = image.png; name = "edit_red@3x.png"; path = "images/edit_red@3x.png"; sourceTree = "<group>"; };
		4FD9EEBF1C4E868C003918A8 /* expand_white_up.png */ = {isa = PBXFileReference; lastKnownFileType = image.png; name = expand_white_up.png; path = images/expand_white_up.png; sourceTree = "<group>"; };
		4FD9EEC01C4E868C003918A8 /* expand_white_up@2x.png */ = {isa = PBXFileReference; lastKnownFileType = image.png; name = "expand_white_up@2x.png"; path = "images/expand_white_up@2x.png"; sourceTree = "<group>"; };
		4FD9EEC11C4E868C003918A8 /* expand_white_up@3x.png */ = {isa = PBXFileReference; lastKnownFileType = image.png; name = "expand_white_up@3x.png"; path = "images/expand_white_up@3x.png"; sourceTree = "<group>"; };
		4FD9EEC21C4E868C003918A8 /* expand_white.png */ = {isa = PBXFileReference; lastKnownFileType = image.png; name = expand_white.png; path = images/expand_white.png; sourceTree = "<group>"; };
		4FD9EEC31C4E868C003918A8 /* expand_white@2x.png */ = {isa = PBXFileReference; lastKnownFileType = image.png; name = "expand_white@2x.png"; path = "images/expand_white@2x.png"; sourceTree = "<group>"; };
		4FD9EEC41C4E868C003918A8 /* expand_white@3x.png */ = {isa = PBXFileReference; lastKnownFileType = image.png; name = "expand_white@3x.png"; path = "images/expand_white@3x.png"; sourceTree = "<group>"; };
		4FD9EEC51C4E868C003918A8 /* hide_keyboard.png */ = {isa = PBXFileReference; lastKnownFileType = image.png; name = hide_keyboard.png; path = images/hide_keyboard.png; sourceTree = "<group>"; };
		4FD9EEC61C4E868C003918A8 /* home_icon.png */ = {isa = PBXFileReference; lastKnownFileType = image.png; name = home_icon.png; path = images/home_icon.png; sourceTree = "<group>"; };
		4FD9EEC71C4E868C003918A8 /* home_icon@2x.png */ = {isa = PBXFileReference; lastKnownFileType = image.png; name = "home_icon@2x.png"; path = "images/home_icon@2x.png"; sourceTree = "<group>"; };
		4FD9EEC81C4E868C003918A8 /* home_icon@3x.png */ = {isa = PBXFileReference; lastKnownFileType = image.png; name = "home_icon@3x.png"; path = "images/home_icon@3x.png"; sourceTree = "<group>"; };
		4FD9EEC91C4E868D003918A8 /* home_in.png */ = {isa = PBXFileReference; lastKnownFileType = image.png; name = home_in.png; path = images/home_in.png; sourceTree = "<group>"; };
		4FD9EECA1C4E868D003918A8 /* homebackground.png */ = {isa = PBXFileReference; lastKnownFileType = image.png; name = homebackground.png; path = images/homebackground.png; sourceTree = "<group>"; };
		4FD9EECB1C4E868D003918A8 /* inforscreen_reference.png */ = {isa = PBXFileReference; lastKnownFileType = image.png; name = inforscreen_reference.png; path = images/inforscreen_reference.png; sourceTree = "<group>"; };
		4FD9EECC1C4E868D003918A8 /* launchscreen.png */ = {isa = PBXFileReference; lastKnownFileType = image.png; name = launchscreen.png; path = images/launchscreen.png; sourceTree = "<group>"; };
		4FD9EECD1C4E868D003918A8 /* launchscreen@2x.png */ = {isa = PBXFileReference; lastKnownFileType = image.png; name = "launchscreen@2x.png"; path = "images/launchscreen@2x.png"; sourceTree = "<group>"; };
		4FD9EECE1C4E868D003918A8 /* launchscreen@3x.png */ = {isa = PBXFileReference; lastKnownFileType = image.png; name = "launchscreen@3x.png"; path = "images/launchscreen@3x.png"; sourceTree = "<group>"; };
		4FD9EECF1C4E868D003918A8 /* loadscreen.png */ = {isa = PBXFileReference; lastKnownFileType = image.png; name = loadscreen.png; path = images/loadscreen.png; sourceTree = "<group>"; };
		4FD9EED01C4E868D003918A8 /* loadscreen@2x.png */ = {isa = PBXFileReference; lastKnownFileType = image.png; name = "loadscreen@2x.png"; path = "images/loadscreen@2x.png"; sourceTree = "<group>"; };
		4FD9EED11C4E868D003918A8 /* loadscreen@3x.png */ = {isa = PBXFileReference; lastKnownFileType = image.png; name = "loadscreen@3x.png"; path = "images/loadscreen@3x.png"; sourceTree = "<group>"; };
		4FD9EED21C4E868D003918A8 /* Long_shadow.png */ = {isa = PBXFileReference; lastKnownFileType = image.png; name = Long_shadow.png; path = images/Long_shadow.png; sourceTree = "<group>"; };
		4FD9EED31C4E868D003918A8 /* Money_icon-04.png */ = {isa = PBXFileReference; lastKnownFileType = image.png; name = "Money_icon-04.png"; path = "images/Money_icon-04.png"; sourceTree = "<group>"; };
		4FD9EED41C4E868D003918A8 /* overlay.png */ = {isa = PBXFileReference; lastKnownFileType = image.png; name = overlay.png; path = images/overlay.png; sourceTree = "<group>"; };
		4FD9EED51C4E868D003918A8 /* profile_icon.png */ = {isa = PBXFileReference; lastKnownFileType = image.png; name = profile_icon.png; path = images/profile_icon.png; sourceTree = "<group>"; };
		4FD9EED61C4E868D003918A8 /* profile_icon@2x.png */ = {isa = PBXFileReference; lastKnownFileType = image.png; name = "profile_icon@2x.png"; path = "images/profile_icon@2x.png"; sourceTree = "<group>"; };
		4FD9EED71C4E868D003918A8 /* profile_icon@3x.png */ = {isa = PBXFileReference; lastKnownFileType = image.png; name = "profile_icon@3x.png"; path = "images/profile_icon@3x.png"; sourceTree = "<group>"; };
		4FD9EED81C4E868D003918A8 /* profile_white.png */ = {isa = PBXFileReference; lastKnownFileType = image.png; name = profile_white.png; path = images/profile_white.png; sourceTree = "<group>"; };
		4FD9EED91C4E868D003918A8 /* profile_white@2x.png */ = {isa = PBXFileReference; lastKnownFileType = image.png; name = "profile_white@2x.png"; path = "images/profile_white@2x.png"; sourceTree = "<group>"; };
		4FD9EEDA1C4E868D003918A8 /* profile_white@3x.png */ = {isa = PBXFileReference; lastKnownFileType = image.png; name = "profile_white@3x.png"; path = "images/profile_white@3x.png"; sourceTree = "<group>"; };
		4FD9EEDB1C4E868D003918A8 /* sort_icon.png */ = {isa = PBXFileReference; lastKnownFileType = image.png; name = sort_icon.png; path = images/sort_icon.png; sourceTree = "<group>"; };
		4FD9EEDC1C4E868D003918A8 /* sort_icon@2x.png */ = {isa = PBXFileReference; lastKnownFileType = image.png; name = "sort_icon@2x.png"; path = "images/sort_icon@2x.png"; sourceTree = "<group>"; };
		4FD9EEDD1C4E868D003918A8 /* sort_icon@3x.png */ = {isa = PBXFileReference; lastKnownFileType = image.png; name = "sort_icon@3x.png"; path = "images/sort_icon@3x.png"; sourceTree = "<group>"; };
		4FD9EEDE1C4E868D003918A8 /* Star_empty-01.png */ = {isa = PBXFileReference; lastKnownFileType = image.png; name = "Star_empty-01.png"; path = "images/Star_empty-01.png"; sourceTree = "<group>"; };
		4FD9EEDF1C4E868D003918A8 /* star_off_icon.png */ = {isa = PBXFileReference; lastKnownFileType = image.png; name = star_off_icon.png; path = images/star_off_icon.png; sourceTree = "<group>"; };
		4FD9EEE01C4E868D003918A8 /* star_on_icon.png */ = {isa = PBXFileReference; lastKnownFileType = image.png; name = star_on_icon.png; path = images/star_on_icon.png; sourceTree = "<group>"; };
		4FD9EEE11C4E868D003918A8 /* star-0.png */ = {isa = PBXFileReference; lastKnownFileType = image.png; name = "star-0.png"; path = "images/star-0.png"; sourceTree = "<group>"; };
		4FD9EEE21C4E868D003918A8 /* star-1.png */ = {isa = PBXFileReference; lastKnownFileType = image.png; name = "star-1.png"; path = "images/star-1.png"; sourceTree = "<group>"; };
		4FD9EEE31C4E868D003918A8 /* star-2.png */ = {isa = PBXFileReference; lastKnownFileType = image.png; name = "star-2.png"; path = "images/star-2.png"; sourceTree = "<group>"; };
		4FD9EEE41C4E868D003918A8 /* star-3.png */ = {isa = PBXFileReference; lastKnownFileType = image.png; name = "star-3.png"; path = "images/star-3.png"; sourceTree = "<group>"; };
		4FD9EEE51C4E868D003918A8 /* star-4.png */ = {isa = PBXFileReference; lastKnownFileType = image.png; name = "star-4.png"; path = "images/star-4.png"; sourceTree = "<group>"; };
		4FD9EEE61C4E868D003918A8 /* star-5.png */ = {isa = PBXFileReference; lastKnownFileType = image.png; name = "star-5.png"; path = "images/star-5.png"; sourceTree = "<group>"; };
		4FD9EF371C4EFABA003918A8 /* loadscreen_background.png */ = {isa = PBXFileReference; lastKnownFileType = image.png; name = loadscreen_background.png; path = images/loadscreen_background.png; sourceTree = "<group>"; };
		4FD9EF381C4EFABA003918A8 /* loadscreen_background@2x.png */ = {isa = PBXFileReference; lastKnownFileType = image.png; name = "loadscreen_background@2x.png"; path = "images/loadscreen_background@2x.png"; sourceTree = "<group>"; };
		4FD9EF391C4EFABA003918A8 /* loadscreen_background@3x.png */ = {isa = PBXFileReference; lastKnownFileType = image.png; name = "loadscreen_background@3x.png"; path = "images/loadscreen_background@3x.png"; sourceTree = "<group>"; };
		4FD9EF3A1C4EFABA003918A8 /* loadscreen_overlay.png */ = {isa = PBXFileReference; lastKnownFileType = image.png; name = loadscreen_overlay.png; path = images/loadscreen_overlay.png; sourceTree = "<group>"; };
		4FD9EF3B1C4EFABA003918A8 /* loadscreen_overlay@2x.png */ = {isa = PBXFileReference; lastKnownFileType = image.png; name = "loadscreen_overlay@2x.png"; path = "images/loadscreen_overlay@2x.png"; sourceTree = "<group>"; };
		4FD9EF3C1C4EFABA003918A8 /* loadscreen_overlay@3x.png */ = {isa = PBXFileReference; lastKnownFileType = image.png; name = "loadscreen_overlay@3x.png"; path = "images/loadscreen_overlay@3x.png"; sourceTree = "<group>"; };
/* End PBXFileReference section */

/* Begin PBXFrameworksBuildPhase section */
		4FAF3CCB1BE106EB00A89A9A /* Frameworks */ = {
			isa = PBXFrameworksBuildPhase;
			buildActionMask = 2147483647;
			files = (
				4FAF3D2B1BE10D7500A89A9A /* Social.framework in Frameworks */,
				4FAF3D291BE10D6F00A89A9A /* Accounts.framework in Frameworks */,
				4FAF3D271BE10D6600A89A9A /* libsqlite3.tbd in Frameworks */,
				4FAF3D251BE10D5D00A89A9A /* libz.tbd in Frameworks */,
				4FAF3D231BE10D5500A89A9A /* SystemConfiguration.framework in Frameworks */,
				4FAF3D211BE10D4500A89A9A /* StoreKit.framework in Frameworks */,
				4FAF3D1F1BE10D3E00A89A9A /* Security.framework in Frameworks */,
				4FAF3D1D1BE10D3100A89A9A /* QuartzCore.framework in Frameworks */,
				4FAF3D1B1BE10D2800A89A9A /* CoreLocation.framework in Frameworks */,
				4FAF3D191BE10D2100A89A9A /* CoreGraphics.framework in Frameworks */,
				4FAF3D171BE10D1900A89A9A /* CFNetwork.framework in Frameworks */,
				4FAF3D151BE10D1100A89A9A /* AudioToolbox.framework in Frameworks */,
				4F1ED5141C1B790900E40F4B /* ParseUI.framework in Frameworks */,
				4FAF3D131BE10CF200A89A9A /* Parse.framework in Frameworks */,
				4FAF3D121BE10CF200A89A9A /* Bolts.framework in Frameworks */,
			);
			runOnlyForDeploymentPostprocessing = 0;
		};
		4FAF3CDF1BE106EB00A89A9A /* Frameworks */ = {
			isa = PBXFrameworksBuildPhase;
			buildActionMask = 2147483647;
			files = (
			);
			runOnlyForDeploymentPostprocessing = 0;
		};
		4FAF3CEA1BE106EB00A89A9A /* Frameworks */ = {
			isa = PBXFrameworksBuildPhase;
			buildActionMask = 2147483647;
			files = (
			);
			runOnlyForDeploymentPostprocessing = 0;
		};
/* End PBXFrameworksBuildPhase section */

/* Begin PBXGroup section */
		4F10B1AC1C3F234600676D93 /* Images */ = {
			isa = PBXGroup;
			children = (
				4FD9EF371C4EFABA003918A8 /* loadscreen_background.png */,
				4FD9EF381C4EFABA003918A8 /* loadscreen_background@2x.png */,
				4FD9EF391C4EFABA003918A8 /* loadscreen_background@3x.png */,
				4FD9EF3A1C4EFABA003918A8 /* loadscreen_overlay.png */,
				4FD9EF3B1C4EFABA003918A8 /* loadscreen_overlay@2x.png */,
				4FD9EF3C1C4EFABA003918A8 /* loadscreen_overlay@3x.png */,
				4FD9EE971C4E868C003918A8 /* add_grey.png */,
				4FD9EE981C4E868C003918A8 /* add_grey@2x.png */,
				4FD9EE991C4E868C003918A8 /* add_grey@3x.png */,
				4FD9EE9A1C4E868C003918A8 /* add_white.png */,
				4FD9EE9B1C4E868C003918A8 /* add_white@2x.png */,
				4FD9EE9C1C4E868C003918A8 /* add_white@3x.png */,
				4FD9EE9D1C4E868C003918A8 /* back_grey.png */,
				4FD9EE9E1C4E868C003918A8 /* back_grey@2x.png */,
				4FD9EE9F1C4E868C003918A8 /* back_grey@3x.png */,
				4FD9EEA01C4E868C003918A8 /* bank_icon.png */,
				4FD9EEA11C4E868C003918A8 /* bank_icon@2x.png */,
				4FD9EEA21C4E868C003918A8 /* bank_icon@3x.png */,
				4FD9EEA31C4E868C003918A8 /* calculator_icon.png */,
				4FD9EEA41C4E868C003918A8 /* calculator_icon@2x.png */,
				4FD9EEA51C4E868C003918A8 /* calculator_icon@3x.png */,
				4FD9EEA61C4E868C003918A8 /* camera_icon.png */,
				4FD9EEA71C4E868C003918A8 /* camera_icon@2x.png */,
				4FD9EEA81C4E868C003918A8 /* camera_icon@3x.png */,
				4FD9EEA91C4E868C003918A8 /* checkmark_gray.png */,
				4FD9EEAA1C4E868C003918A8 /* checkmark_gray@2x.png */,
				4FD9EEAB1C4E868C003918A8 /* checkmark_gray@3x.png */,
				4FD9EEAC1C4E868C003918A8 /* checkmark_white.png */,
				4FD9EEAD1C4E868C003918A8 /* checkmark_white@2x.png */,
				4FD9EEAE1C4E868C003918A8 /* checkmark_white@3x.png */,
				4FD9EEAF1C4E868C003918A8 /* default_home.png */,
				4FD9EEB01C4E868C003918A8 /* default_home@2x.png */,
				4FD9EEB11C4E868C003918A8 /* default_home@3x.png */,
				4FD9EEB21C4E868C003918A8 /* default_lo.png */,
				4FD9EEB31C4E868C003918A8 /* default_lo@2x.png */,
				4FD9EEB41C4E868C003918A8 /* default_lo@3x.png */,
				4FD9EEB51C4E868C003918A8 /* divider.png */,
				4FD9EEB61C4E868C003918A8 /* edit_blue.png */,
				4FD9EEB71C4E868C003918A8 /* edit_blue@2x.png */,
				4FD9EEB81C4E868C003918A8 /* edit_blue@3x.png */,
				4FD9EEB91C4E868C003918A8 /* edit_icon.png */,
				4FD9EEBA1C4E868C003918A8 /* edit_icon@2x.png */,
				4FD9EEBB1C4E868C003918A8 /* edit_icon@3x.png */,
				4FD9EEBC1C4E868C003918A8 /* edit_red.png */,
				4FD9EEBD1C4E868C003918A8 /* edit_red@2x.png */,
				4FD9EEBE1C4E868C003918A8 /* edit_red@3x.png */,
				4FD9EEBF1C4E868C003918A8 /* expand_white_up.png */,
				4FD9EEC01C4E868C003918A8 /* expand_white_up@2x.png */,
				4FD9EEC11C4E868C003918A8 /* expand_white_up@3x.png */,
				4FD9EEC21C4E868C003918A8 /* expand_white.png */,
				4FD9EEC31C4E868C003918A8 /* expand_white@2x.png */,
				4FD9EEC41C4E868C003918A8 /* expand_white@3x.png */,
				4FD9EEC51C4E868C003918A8 /* hide_keyboard.png */,
				4FD9EEC61C4E868C003918A8 /* home_icon.png */,
				4FD9EEC71C4E868C003918A8 /* home_icon@2x.png */,
				4FD9EEC81C4E868C003918A8 /* home_icon@3x.png */,
				4FD9EEC91C4E868D003918A8 /* home_in.png */,
				4FD9EECA1C4E868D003918A8 /* homebackground.png */,
				4FD9EECB1C4E868D003918A8 /* inforscreen_reference.png */,
				4FD9EECC1C4E868D003918A8 /* launchscreen.png */,
				4FD9EECD1C4E868D003918A8 /* launchscreen@2x.png */,
				4FD9EECE1C4E868D003918A8 /* launchscreen@3x.png */,
				4FD9EECF1C4E868D003918A8 /* loadscreen.png */,
				4FD9EED01C4E868D003918A8 /* loadscreen@2x.png */,
				4FD9EED11C4E868D003918A8 /* loadscreen@3x.png */,
				4FD9EED21C4E868D003918A8 /* Long_shadow.png */,
				4FD9EED31C4E868D003918A8 /* Money_icon-04.png */,
				4FD9EED41C4E868D003918A8 /* overlay.png */,
				4FD9EED51C4E868D003918A8 /* profile_icon.png */,
				4FD9EED61C4E868D003918A8 /* profile_icon@2x.png */,
				4FD9EED71C4E868D003918A8 /* profile_icon@3x.png */,
				4FD9EED81C4E868D003918A8 /* profile_white.png */,
				4FD9EED91C4E868D003918A8 /* profile_white@2x.png */,
				4FD9EEDA1C4E868D003918A8 /* profile_white@3x.png */,
				4FD9EEDB1C4E868D003918A8 /* sort_icon.png */,
				4FD9EEDC1C4E868D003918A8 /* sort_icon@2x.png */,
				4FD9EEDD1C4E868D003918A8 /* sort_icon@3x.png */,
				4FD9EEDE1C4E868D003918A8 /* Star_empty-01.png */,
				4FD9EEDF1C4E868D003918A8 /* star_off_icon.png */,
				4FD9EEE01C4E868D003918A8 /* star_on_icon.png */,
				4FD9EEE11C4E868D003918A8 /* star-0.png */,
				4FD9EEE21C4E868D003918A8 /* star-1.png */,
				4FD9EEE31C4E868D003918A8 /* star-2.png */,
				4FD9EEE41C4E868D003918A8 /* star-3.png */,
				4FD9EEE51C4E868D003918A8 /* star-4.png */,
				4FD9EEE61C4E868D003918A8 /* star-5.png */,
			);
			name = Images;
			sourceTree = "<group>";
		};
		4FADCA541C0DEBF6000186A8 /* Fonts */ = {
			isa = PBXGroup;
			children = (
				4FADCA551C0DEC26000186A8 /* FORZA-BLACK.OTF */,
				4FADCA561C0DEC26000186A8 /* FORZA-BLACKITALIC.OTF */,
				4FADCA571C0DEC26000186A8 /* FORZA-BOLD.OTF */,
				4FADCA581C0DEC26000186A8 /* FORZA-BOLDITALIC.OTF */,
				4FADCA591C0DEC26000186A8 /* FORZA-BOOK.OTF */,
				4FADCA5A1C0DEC26000186A8 /* FORZA-BOOKITALIC.OTF */,
				4FADCA5B1C0DEC26000186A8 /* FORZA-LIGHT.OTF */,
				4FADCA5C1C0DEC26000186A8 /* FORZA-LIGHTITALIC.OTF */,
				4FADCA5D1C0DEC26000186A8 /* FORZA-MEDIUM.OTF */,
				4FADCA5E1C0DEC26000186A8 /* FORZA-MEDIUMITALIC.OTF */,
				4FADCA5F1C0DEC26000186A8 /* FORZA-THIN.OTF */,
				4FADCA601C0DEC26000186A8 /* FORZA-THINITALIC.OTF */,
			);
			name = Fonts;
			sourceTree = "<group>";
		};
		4FAF3CC51BE106EB00A89A9A = {
			isa = PBXGroup;
			children = (
				4FAF3CD01BE106EB00A89A9A /* FirstMortgage */,
				4FB616321BFB764B0057414C /* Supporting Classes */,
				4FAF3CE51BE106EB00A89A9A /* FirstMortgageTests */,
				4FAF3CF01BE106EB00A89A9A /* FirstMortgageUITests */,
				4FAF3CCF1BE106EB00A89A9A /* Products */,
				4F10B1AC1C3F234600676D93 /* Images */,
				4FADCA541C0DEBF6000186A8 /* Fonts */,
				4FAF3D0F1BE10CB700A89A9A /* Frameworks */,
			);
			sourceTree = "<group>";
		};
		4FAF3CCF1BE106EB00A89A9A /* Products */ = {
			isa = PBXGroup;
			children = (
				4FAF3CCE1BE106EB00A89A9A /* FirstMortgage.app */,
				4FAF3CE21BE106EB00A89A9A /* FirstMortgageTests.xctest */,
				4FAF3CED1BE106EB00A89A9A /* FirstMortgageUITests.xctest */,
			);
			name = Products;
			sourceTree = "<group>";
		};
		4FAF3CD01BE106EB00A89A9A /* FirstMortgage */ = {
			isa = PBXGroup;
			children = (
				4FAF3CD11BE106EB00A89A9A /* AppDelegate.swift */,
				4FAF3D031BE1085400A89A9A /* HomeViewController.swift */,
				4FAF3D051BE1093600A89A9A /* MyHomesViewController.swift */,
				4F4A70F11BFD33A1009FDD79 /* IndividualHomeViewController.swift */,
				4FAF3D071BE1094900A89A9A /* AddHomeViewController.swift */,
				4FAF3D091BE109F800A89A9A /* CalculatorsViewController.swift */,
				4F18EA6D1C209CDF009764D2 /* ProfileViewController.swift */,
				4FAF3D0D1BE10AAE00A89A9A /* FindBranchViewController.swift */,
				4FAF3CD51BE106EB00A89A9A /* Main.storyboard */,
				4FAF3CD81BE106EB00A89A9A /* Assets.xcassets */,
				4FAF3CDA1BE106EB00A89A9A /* LaunchScreen.storyboard */,
				4FAF3CDD1BE106EB00A89A9A /* Info.plist */,
			);
			path = FirstMortgage;
			sourceTree = "<group>";
		};
		4FAF3CE51BE106EB00A89A9A /* FirstMortgageTests */ = {
			isa = PBXGroup;
			children = (
				4FAF3CE61BE106EB00A89A9A /* FirstMortgageTests.swift */,
				4FAF3CE81BE106EB00A89A9A /* Info.plist */,
				2CF969791C4BDA890000D77B /* ModelTest.swift */,
			);
			path = FirstMortgageTests;
			sourceTree = "<group>";
		};
		4FAF3CF01BE106EB00A89A9A /* FirstMortgageUITests */ = {
			isa = PBXGroup;
			children = (
				4FAF3CF11BE106EB00A89A9A /* FirstMortgageUITests.swift */,
				4FAF3CF31BE106EB00A89A9A /* Info.plist */,
			);
			path = FirstMortgageUITests;
			sourceTree = "<group>";
		};
		4FAF3D0F1BE10CB700A89A9A /* Frameworks */ = {
			isa = PBXGroup;
			children = (
				4F1ED5131C1B790900E40F4B /* ParseUI.framework */,
				4FAF3D2A1BE10D7500A89A9A /* Social.framework */,
				4FAF3D281BE10D6F00A89A9A /* Accounts.framework */,
				4FAF3D261BE10D6600A89A9A /* libsqlite3.tbd */,
				4FAF3D241BE10D5D00A89A9A /* libz.tbd */,
				4FAF3D221BE10D5500A89A9A /* SystemConfiguration.framework */,
				4FAF3D201BE10D4500A89A9A /* StoreKit.framework */,
				4FAF3D1E1BE10D3E00A89A9A /* Security.framework */,
				4FAF3D1C1BE10D3100A89A9A /* QuartzCore.framework */,
				4FAF3D1A1BE10D2800A89A9A /* CoreLocation.framework */,
				4FAF3D181BE10D2100A89A9A /* CoreGraphics.framework */,
				4FAF3D161BE10D1900A89A9A /* CFNetwork.framework */,
				4FAF3D141BE10D1100A89A9A /* AudioToolbox.framework */,
				4FAF3D101BE10CF200A89A9A /* Bolts.framework */,
				4FAF3D111BE10CF200A89A9A /* Parse.framework */,
			);
			name = Frameworks;
			sourceTree = "<group>";
		};
		4FB616321BFB764B0057414C /* Supporting Classes */ = {
			isa = PBXGroup;
			children = (
				4F4A70EF1BFCDE8C009FDD79 /* BasicCell.swift */,
				4FADCA6C1C0E2B7E000186A8 /* Model.swift */,
				4F1ED5111C1B325900E40F4B /* DeviceExtension.swift */,
				2CD798601C3233710052C18C /* Reachability.swift */,
			);
			name = "Supporting Classes";
			sourceTree = "<group>";
		};
/* End PBXGroup section */

/* Begin PBXNativeTarget section */
		4FAF3CCD1BE106EB00A89A9A /* FirstMortgage */ = {
			isa = PBXNativeTarget;
			buildConfigurationList = 4FAF3CF61BE106EB00A89A9A /* Build configuration list for PBXNativeTarget "FirstMortgage" */;
			buildPhases = (
				4FAF3CCA1BE106EB00A89A9A /* Sources */,
				4FAF3CCB1BE106EB00A89A9A /* Frameworks */,
				4FAF3CCC1BE106EB00A89A9A /* Resources */,
				4FD6F42A1C1242D8004FDDC0 /* ShellScript */,
			);
			buildRules = (
			);
			dependencies = (
			);
			name = FirstMortgage;
			productName = FirstMortgage;
			productReference = 4FAF3CCE1BE106EB00A89A9A /* FirstMortgage.app */;
			productType = "com.apple.product-type.application";
		};
		4FAF3CE11BE106EB00A89A9A /* FirstMortgageTests */ = {
			isa = PBXNativeTarget;
			buildConfigurationList = 4FAF3CF91BE106EB00A89A9A /* Build configuration list for PBXNativeTarget "FirstMortgageTests" */;
			buildPhases = (
				4FAF3CDE1BE106EB00A89A9A /* Sources */,
				4FAF3CDF1BE106EB00A89A9A /* Frameworks */,
				4FAF3CE01BE106EB00A89A9A /* Resources */,
			);
			buildRules = (
			);
			dependencies = (
				4FAF3CE41BE106EB00A89A9A /* PBXTargetDependency */,
			);
			name = FirstMortgageTests;
			productName = FirstMortgageTests;
			productReference = 4FAF3CE21BE106EB00A89A9A /* FirstMortgageTests.xctest */;
			productType = "com.apple.product-type.bundle.unit-test";
		};
		4FAF3CEC1BE106EB00A89A9A /* FirstMortgageUITests */ = {
			isa = PBXNativeTarget;
			buildConfigurationList = 4FAF3CFC1BE106EB00A89A9A /* Build configuration list for PBXNativeTarget "FirstMortgageUITests" */;
			buildPhases = (
				4FAF3CE91BE106EB00A89A9A /* Sources */,
				4FAF3CEA1BE106EB00A89A9A /* Frameworks */,
				4FAF3CEB1BE106EB00A89A9A /* Resources */,
			);
			buildRules = (
			);
			dependencies = (
				4FAF3CEF1BE106EB00A89A9A /* PBXTargetDependency */,
			);
			name = FirstMortgageUITests;
			productName = FirstMortgageUITests;
			productReference = 4FAF3CED1BE106EB00A89A9A /* FirstMortgageUITests.xctest */;
			productType = "com.apple.product-type.bundle.ui-testing";
		};
/* End PBXNativeTarget section */

/* Begin PBXProject section */
		4FAF3CC61BE106EB00A89A9A /* Project object */ = {
			isa = PBXProject;
			attributes = {
				LastSwiftUpdateCheck = 0710;
				LastUpgradeCheck = 0720;
				ORGANIZATIONNAME = "Trekk Design";
				TargetAttributes = {
					4FAF3CCD1BE106EB00A89A9A = {
						CreatedOnToolsVersion = 7.1;
						DevelopmentTeam = BS4LR4L547;
					};
					4FAF3CE11BE106EB00A89A9A = {
						CreatedOnToolsVersion = 7.1;
						TestTargetID = 4FAF3CCD1BE106EB00A89A9A;
					};
					4FAF3CEC1BE106EB00A89A9A = {
						CreatedOnToolsVersion = 7.1;
						TestTargetID = 4FAF3CCD1BE106EB00A89A9A;
					};
				};
			};
			buildConfigurationList = 4FAF3CC91BE106EB00A89A9A /* Build configuration list for PBXProject "FirstMortgage" */;
			compatibilityVersion = "Xcode 3.2";
			developmentRegion = English;
			hasScannedForEncodings = 0;
			knownRegions = (
				en,
				Base,
			);
			mainGroup = 4FAF3CC51BE106EB00A89A9A;
			productRefGroup = 4FAF3CCF1BE106EB00A89A9A /* Products */;
			projectDirPath = "";
			projectRoot = "";
			targets = (
				4FAF3CCD1BE106EB00A89A9A /* FirstMortgage */,
				4FAF3CE11BE106EB00A89A9A /* FirstMortgageTests */,
				4FAF3CEC1BE106EB00A89A9A /* FirstMortgageUITests */,
			);
		};
/* End PBXProject section */

/* Begin PBXResourcesBuildPhase section */
		4FAF3CCC1BE106EB00A89A9A /* Resources */ = {
			isa = PBXResourcesBuildPhase;
			buildActionMask = 2147483647;
			files = (
				4FD9EF3D1C4EFABA003918A8 /* loadscreen_background.png in Resources */,
				4FD9EF3E1C4EFABA003918A8 /* loadscreen_background@2x.png in Resources */,
				4FD9EF3F1C4EFABA003918A8 /* loadscreen_background@3x.png in Resources */,
				4FD9EF401C4EFABA003918A8 /* loadscreen_overlay.png in Resources */,
				4FD9EF411C4EFABA003918A8 /* loadscreen_overlay@2x.png in Resources */,
				4FD9EF421C4EFABA003918A8 /* loadscreen_overlay@3x.png in Resources */,
				4FD9EF071C4E868D003918A8 /* edit_blue@2x.png in Resources */,
				4FD9EF021C4E868D003918A8 /* default_lo.png in Resources */,
				4FD9EEF71C4E868D003918A8 /* camera_icon@2x.png in Resources */,
				4FD9EEE71C4E868D003918A8 /* add_grey.png in Resources */,
				4FD9EF311C4E868D003918A8 /* star-0.png in Resources */,
				4FD9EEF61C4E868D003918A8 /* camera_icon.png in Resources */,
				4FD9EF061C4E868D003918A8 /* edit_blue.png in Resources */,
				4FD9EF2A1C4E868D003918A8 /* profile_white@3x.png in Resources */,
				4FD9EEF81C4E868D003918A8 /* camera_icon@3x.png in Resources */,
				4FD9EF161C4E868D003918A8 /* home_icon.png in Resources */,
				4FD9EEF11C4E868D003918A8 /* bank_icon@2x.png in Resources */,
				4FD9EF341C4E868D003918A8 /* star-3.png in Resources */,
				4FD9EF131C4E868D003918A8 /* expand_white@2x.png in Resources */,
				4FD9EEE81C4E868D003918A8 /* add_grey@2x.png in Resources */,
				4FD9EF221C4E868D003918A8 /* Long_shadow.png in Resources */,
				4FD9EF201C4E868D003918A8 /* loadscreen@2x.png in Resources */,
				4FD9EF2D1C4E868D003918A8 /* sort_icon@3x.png in Resources */,
				4FD9EEF21C4E868D003918A8 /* bank_icon@3x.png in Resources */,
				4FD9EEF31C4E868D003918A8 /* calculator_icon.png in Resources */,
				4FD9EF2C1C4E868D003918A8 /* sort_icon@2x.png in Resources */,
				4FD9EF241C4E868D003918A8 /* overlay.png in Resources */,
				4FD9EEEA1C4E868D003918A8 /* add_white.png in Resources */,
				4FD9EF211C4E868D003918A8 /* loadscreen@3x.png in Resources */,
				4FD9EF121C4E868D003918A8 /* expand_white.png in Resources */,
				4FD9EF2F1C4E868D003918A8 /* star_off_icon.png in Resources */,
				4FD9EEF51C4E868D003918A8 /* calculator_icon@3x.png in Resources */,
				4FD9EEED1C4E868D003918A8 /* back_grey.png in Resources */,
				4FD9EEFC1C4E868D003918A8 /* checkmark_white.png in Resources */,
				4FAF3CDC1BE106EB00A89A9A /* LaunchScreen.storyboard in Resources */,
				4FD9EF261C4E868D003918A8 /* profile_icon@2x.png in Resources */,
				4FD9EF321C4E868D003918A8 /* star-1.png in Resources */,
				4FD9EF281C4E868D003918A8 /* profile_white.png in Resources */,
				4FD9EEEC1C4E868D003918A8 /* add_white@3x.png in Resources */,
				4FAF3CD91BE106EB00A89A9A /* Assets.xcassets in Resources */,
				4FD9EEE91C4E868D003918A8 /* add_grey@3x.png in Resources */,
				4FD9EEEB1C4E868D003918A8 /* add_white@2x.png in Resources */,
				4FD9EF0E1C4E868D003918A8 /* edit_red@3x.png in Resources */,
				4FD9EF181C4E868D003918A8 /* home_icon@3x.png in Resources */,
				4FD9EF1F1C4E868D003918A8 /* loadscreen.png in Resources */,
				4FD9EF361C4E868D003918A8 /* star-5.png in Resources */,
				4FD9EEF91C4E868D003918A8 /* checkmark_gray.png in Resources */,
				4FD9EEFA1C4E868D003918A8 /* checkmark_gray@2x.png in Resources */,
				4FD9EF231C4E868D003918A8 /* Money_icon-04.png in Resources */,
				4FD9EF0B1C4E868D003918A8 /* edit_icon@3x.png in Resources */,
				4FD9EF151C4E868D003918A8 /* hide_keyboard.png in Resources */,
				4FD9EF2B1C4E868D003918A8 /* sort_icon.png in Resources */,
				4FD9EF191C4E868D003918A8 /* home_in.png in Resources */,
				4FD9EF171C4E868D003918A8 /* home_icon@2x.png in Resources */,
				4FD9EF0A1C4E868D003918A8 /* edit_icon@2x.png in Resources */,
				4FD9EF091C4E868D003918A8 /* edit_icon.png in Resources */,
				4FD9EEFB1C4E868D003918A8 /* checkmark_gray@3x.png in Resources */,
				4FD9EF1B1C4E868D003918A8 /* inforscreen_reference.png in Resources */,
				4FD9EF1D1C4E868D003918A8 /* launchscreen@2x.png in Resources */,
				4FD9EF2E1C4E868D003918A8 /* Star_empty-01.png in Resources */,
				4FD9EF031C4E868D003918A8 /* default_lo@2x.png in Resources */,
				4FD9EF1C1C4E868D003918A8 /* launchscreen.png in Resources */,
				4FD9EF251C4E868D003918A8 /* profile_icon.png in Resources */,
				4FD9EEFD1C4E868D003918A8 /* checkmark_white@2x.png in Resources */,
				4FD9EEF01C4E868D003918A8 /* bank_icon.png in Resources */,
				4FD9EF0C1C4E868D003918A8 /* edit_red.png in Resources */,
				4FD9EF041C4E868D003918A8 /* default_lo@3x.png in Resources */,
				4FD9EF271C4E868D003918A8 /* profile_icon@3x.png in Resources */,
				4FD9EF1E1C4E868D003918A8 /* launchscreen@3x.png in Resources */,
				4FD9EF051C4E868D003918A8 /* divider.png in Resources */,
				4FD9EF301C4E868D003918A8 /* star_on_icon.png in Resources */,
				4FD9EF0D1C4E868D003918A8 /* edit_red@2x.png in Resources */,
				4FD9EEFF1C4E868D003918A8 /* default_home.png in Resources */,
				4FD9EEFE1C4E868D003918A8 /* checkmark_white@3x.png in Resources */,
				4FD9EEEF1C4E868D003918A8 /* back_grey@3x.png in Resources */,
				4FADCA6B1C0E2A29000186A8 /* FORZA-LIGHT.OTF in Resources */,
				4FD9EF0F1C4E868D003918A8 /* expand_white_up.png in Resources */,
				4FC4C94C1C3B2FB0007BDCC0 /* FORZA-MEDIUM.OTF in Resources */,
				4FD9EF1A1C4E868D003918A8 /* homebackground.png in Resources */,
				4FD9EF111C4E868D003918A8 /* expand_white_up@3x.png in Resources */,
				4FAF3CD71BE106EB00A89A9A /* Main.storyboard in Resources */,
				4FD9EF141C4E868D003918A8 /* expand_white@3x.png in Resources */,
				4FD9EF331C4E868D003918A8 /* star-2.png in Resources */,
				4FD9EF001C4E868D003918A8 /* default_home@2x.png in Resources */,
				4FD9EF291C4E868D003918A8 /* profile_white@2x.png in Resources */,
				4FD9EEF41C4E868D003918A8 /* calculator_icon@2x.png in Resources */,
				4FD9EF081C4E868D003918A8 /* edit_blue@3x.png in Resources */,
				4FD9EF351C4E868D003918A8 /* star-4.png in Resources */,
				4FD9EF101C4E868D003918A8 /* expand_white_up@2x.png in Resources */,
				4FD9EF011C4E868D003918A8 /* default_home@3x.png in Resources */,
				4FD9EEEE1C4E868D003918A8 /* back_grey@2x.png in Resources */,
			);
			runOnlyForDeploymentPostprocessing = 0;
		};
		4FAF3CE01BE106EB00A89A9A /* Resources */ = {
			isa = PBXResourcesBuildPhase;
			buildActionMask = 2147483647;
			files = (
			);
			runOnlyForDeploymentPostprocessing = 0;
		};
		4FAF3CEB1BE106EB00A89A9A /* Resources */ = {
			isa = PBXResourcesBuildPhase;
			buildActionMask = 2147483647;
			files = (
			);
			runOnlyForDeploymentPostprocessing = 0;
		};
/* End PBXResourcesBuildPhase section */

/* Begin PBXShellScriptBuildPhase section */
		4FD6F42A1C1242D8004FDDC0 /* ShellScript */ = {
			isa = PBXShellScriptBuildPhase;
			buildActionMask = 2147483647;
			files = (
			);
			inputPaths = (
			);
			outputPaths = (
			);
			runOnlyForDeploymentPostprocessing = 0;
			shellPath = /bin/sh;
			shellScript = "TAGS=\"TODO:|FIXME:\"\nfind \"${SRCROOT}\" \\( -name \"*.h\" -or -name \"*.m\" -or -name \"*.swift\" \\) -print0 | xargs -0 egrep --with-filename --line-number --only-matching \"($TAGS).*\\$\" | perl -p -e \"s/($TAGS)/ warning: \\$1/\"";
		};
/* End PBXShellScriptBuildPhase section */

/* Begin PBXSourcesBuildPhase section */
		4FAF3CCA1BE106EB00A89A9A /* Sources */ = {
			isa = PBXSourcesBuildPhase;
			buildActionMask = 2147483647;
			files = (
				4FAF3D041BE1085400A89A9A /* HomeViewController.swift in Sources */,
				4FADCA6D1C0E2B7E000186A8 /* Model.swift in Sources */,
				4FAF3D061BE1093600A89A9A /* MyHomesViewController.swift in Sources */,
				4F18EA6E1C209CDF009764D2 /* ProfileViewController.swift in Sources */,
				4FAF3D081BE1094900A89A9A /* AddHomeViewController.swift in Sources */,
				4FAF3D0A1BE109F800A89A9A /* CalculatorsViewController.swift in Sources */,
				4F4A70F01BFCDE8C009FDD79 /* BasicCell.swift in Sources */,
				4FAF3CD21BE106EB00A89A9A /* AppDelegate.swift in Sources */,
				4F1ED5121C1B325900E40F4B /* DeviceExtension.swift in Sources */,
				4F4A70F21BFD33A1009FDD79 /* IndividualHomeViewController.swift in Sources */,
				2CD798611C3233710052C18C /* Reachability.swift in Sources */,
				4FAF3D0E1BE10AAE00A89A9A /* FindBranchViewController.swift in Sources */,
			);
			runOnlyForDeploymentPostprocessing = 0;
		};
		4FAF3CDE1BE106EB00A89A9A /* Sources */ = {
			isa = PBXSourcesBuildPhase;
			buildActionMask = 2147483647;
			files = (
				4FAF3CE71BE106EB00A89A9A /* FirstMortgageTests.swift in Sources */,
				2CF9697A1C4BDA890000D77B /* ModelTest.swift in Sources */,
			);
			runOnlyForDeploymentPostprocessing = 0;
		};
		4FAF3CE91BE106EB00A89A9A /* Sources */ = {
			isa = PBXSourcesBuildPhase;
			buildActionMask = 2147483647;
			files = (
				4FAF3CF21BE106EB00A89A9A /* FirstMortgageUITests.swift in Sources */,
			);
			runOnlyForDeploymentPostprocessing = 0;
		};
/* End PBXSourcesBuildPhase section */

/* Begin PBXTargetDependency section */
		4FAF3CE41BE106EB00A89A9A /* PBXTargetDependency */ = {
			isa = PBXTargetDependency;
			target = 4FAF3CCD1BE106EB00A89A9A /* FirstMortgage */;
			targetProxy = 4FAF3CE31BE106EB00A89A9A /* PBXContainerItemProxy */;
		};
		4FAF3CEF1BE106EB00A89A9A /* PBXTargetDependency */ = {
			isa = PBXTargetDependency;
			target = 4FAF3CCD1BE106EB00A89A9A /* FirstMortgage */;
			targetProxy = 4FAF3CEE1BE106EB00A89A9A /* PBXContainerItemProxy */;
		};
/* End PBXTargetDependency section */

/* Begin PBXVariantGroup section */
		4FAF3CD51BE106EB00A89A9A /* Main.storyboard */ = {
			isa = PBXVariantGroup;
			children = (
				4FAF3CD61BE106EB00A89A9A /* Base */,
			);
			name = Main.storyboard;
			sourceTree = "<group>";
		};
		4FAF3CDA1BE106EB00A89A9A /* LaunchScreen.storyboard */ = {
			isa = PBXVariantGroup;
			children = (
				4FAF3CDB1BE106EB00A89A9A /* Base */,
			);
			name = LaunchScreen.storyboard;
			sourceTree = "<group>";
		};
/* End PBXVariantGroup section */

/* Begin XCBuildConfiguration section */
		4FAF3CF41BE106EB00A89A9A /* Debug */ = {
			isa = XCBuildConfiguration;
			buildSettings = {
				ALWAYS_SEARCH_USER_PATHS = NO;
				CLANG_CXX_LANGUAGE_STANDARD = "gnu++0x";
				CLANG_CXX_LIBRARY = "libc++";
				CLANG_ENABLE_MODULES = YES;
				CLANG_ENABLE_OBJC_ARC = YES;
				CLANG_WARN_BOOL_CONVERSION = YES;
				CLANG_WARN_CONSTANT_CONVERSION = YES;
				CLANG_WARN_DIRECT_OBJC_ISA_USAGE = YES_ERROR;
				CLANG_WARN_EMPTY_BODY = YES;
				CLANG_WARN_ENUM_CONVERSION = YES;
				CLANG_WARN_INT_CONVERSION = YES;
				CLANG_WARN_OBJC_ROOT_CLASS = YES_ERROR;
				CLANG_WARN_UNREACHABLE_CODE = YES;
				CLANG_WARN__DUPLICATE_METHOD_MATCH = YES;
				"CODE_SIGN_IDENTITY[sdk=iphoneos*]" = "iPhone Developer";
				COPY_PHASE_STRIP = NO;
				DEBUG_INFORMATION_FORMAT = dwarf;
				ENABLE_STRICT_OBJC_MSGSEND = YES;
				ENABLE_TESTABILITY = YES;
				GCC_C_LANGUAGE_STANDARD = gnu99;
				GCC_DYNAMIC_NO_PIC = NO;
				GCC_NO_COMMON_BLOCKS = YES;
				GCC_OPTIMIZATION_LEVEL = 0;
				GCC_PREPROCESSOR_DEFINITIONS = (
					"DEBUG=1",
					"$(inherited)",
				);
				GCC_WARN_64_TO_32_BIT_CONVERSION = YES;
				GCC_WARN_ABOUT_RETURN_TYPE = YES_ERROR;
				GCC_WARN_UNDECLARED_SELECTOR = YES;
				GCC_WARN_UNINITIALIZED_AUTOS = YES_AGGRESSIVE;
				GCC_WARN_UNUSED_FUNCTION = YES;
				GCC_WARN_UNUSED_VARIABLE = YES;
				IPHONEOS_DEPLOYMENT_TARGET = 9.0;
				MTL_ENABLE_DEBUG_INFO = YES;
				ONLY_ACTIVE_ARCH = YES;
				SDKROOT = iphoneos;
				SWIFT_OPTIMIZATION_LEVEL = "-Onone";
				TARGETED_DEVICE_FAMILY = "1,2";
			};
			name = Debug;
		};
		4FAF3CF51BE106EB00A89A9A /* Release */ = {
			isa = XCBuildConfiguration;
			buildSettings = {
				ALWAYS_SEARCH_USER_PATHS = NO;
				CLANG_CXX_LANGUAGE_STANDARD = "gnu++0x";
				CLANG_CXX_LIBRARY = "libc++";
				CLANG_ENABLE_MODULES = YES;
				CLANG_ENABLE_OBJC_ARC = YES;
				CLANG_WARN_BOOL_CONVERSION = YES;
				CLANG_WARN_CONSTANT_CONVERSION = YES;
				CLANG_WARN_DIRECT_OBJC_ISA_USAGE = YES_ERROR;
				CLANG_WARN_EMPTY_BODY = YES;
				CLANG_WARN_ENUM_CONVERSION = YES;
				CLANG_WARN_INT_CONVERSION = YES;
				CLANG_WARN_OBJC_ROOT_CLASS = YES_ERROR;
				CLANG_WARN_UNREACHABLE_CODE = YES;
				CLANG_WARN__DUPLICATE_METHOD_MATCH = YES;
				"CODE_SIGN_IDENTITY[sdk=iphoneos*]" = "iPhone Developer";
				COPY_PHASE_STRIP = NO;
				DEBUG_INFORMATION_FORMAT = "dwarf-with-dsym";
				ENABLE_NS_ASSERTIONS = NO;
				ENABLE_STRICT_OBJC_MSGSEND = YES;
				GCC_C_LANGUAGE_STANDARD = gnu99;
				GCC_NO_COMMON_BLOCKS = YES;
				GCC_WARN_64_TO_32_BIT_CONVERSION = YES;
				GCC_WARN_ABOUT_RETURN_TYPE = YES_ERROR;
				GCC_WARN_UNDECLARED_SELECTOR = YES;
				GCC_WARN_UNINITIALIZED_AUTOS = YES_AGGRESSIVE;
				GCC_WARN_UNUSED_FUNCTION = YES;
				GCC_WARN_UNUSED_VARIABLE = YES;
				IPHONEOS_DEPLOYMENT_TARGET = 9.0;
				MTL_ENABLE_DEBUG_INFO = NO;
				SDKROOT = iphoneos;
				TARGETED_DEVICE_FAMILY = "1,2";
				VALIDATE_PRODUCT = YES;
			};
			name = Release;
		};
		4FAF3CF71BE106EB00A89A9A /* Debug */ = {
			isa = XCBuildConfiguration;
			buildSettings = {
				ASSETCATALOG_COMPILER_APPICON_NAME = AppIcon;
				CODE_SIGN_IDENTITY = "iPhone Distribution";
				ENABLE_BITCODE = NO;
				FRAMEWORK_SEARCH_PATHS = (
					"$(inherited)",
					"$(PROJECT_DIR)/frameworks",
				);
				INFOPLIST_FILE = FirstMortgage/Info.plist;
				IPHONEOS_DEPLOYMENT_TARGET = 9.0;
				LD_RUNPATH_SEARCH_PATHS = "$(inherited) @executable_path/Frameworks";
				PRODUCT_BUNDLE_IDENTIFIER = com.trekk.FirstMortgage;
				PRODUCT_NAME = "$(TARGET_NAME)";
			};
			name = Debug;
		};
		4FAF3CF81BE106EB00A89A9A /* Release */ = {
			isa = XCBuildConfiguration;
			buildSettings = {
				ASSETCATALOG_COMPILER_APPICON_NAME = AppIcon;
				CODE_SIGN_IDENTITY = "iPhone Distribution";
				ENABLE_BITCODE = NO;
				FRAMEWORK_SEARCH_PATHS = (
					"$(inherited)",
					"$(PROJECT_DIR)/frameworks",
				);
				INFOPLIST_FILE = FirstMortgage/Info.plist;
				IPHONEOS_DEPLOYMENT_TARGET = 9.0;
				LD_RUNPATH_SEARCH_PATHS = "$(inherited) @executable_path/Frameworks";
				PRODUCT_BUNDLE_IDENTIFIER = com.trekk.FirstMortgage;
				PRODUCT_NAME = "$(TARGET_NAME)";
			};
			name = Release;
		};
		4FAF3CFA1BE106EB00A89A9A /* Debug */ = {
			isa = XCBuildConfiguration;
			buildSettings = {
				BUNDLE_LOADER = "$(TEST_HOST)";
				INFOPLIST_FILE = FirstMortgageTests/Info.plist;
				LD_RUNPATH_SEARCH_PATHS = "$(inherited) @executable_path/Frameworks @loader_path/Frameworks";
				PRODUCT_BUNDLE_IDENTIFIER = com.trekk.FirstMortgageTests;
				PRODUCT_NAME = "$(TARGET_NAME)";
				TEST_HOST = "$(BUILT_PRODUCTS_DIR)/FirstMortgage.app/FirstMortgage";
			};
			name = Debug;
		};
		4FAF3CFB1BE106EB00A89A9A /* Release */ = {
			isa = XCBuildConfiguration;
			buildSettings = {
				BUNDLE_LOADER = "$(TEST_HOST)";
				INFOPLIST_FILE = FirstMortgageTests/Info.plist;
				LD_RUNPATH_SEARCH_PATHS = "$(inherited) @executable_path/Frameworks @loader_path/Frameworks";
				PRODUCT_BUNDLE_IDENTIFIER = com.trekk.FirstMortgageTests;
				PRODUCT_NAME = "$(TARGET_NAME)";
				TEST_HOST = "$(BUILT_PRODUCTS_DIR)/FirstMortgage.app/FirstMortgage";
			};
			name = Release;
		};
		4FAF3CFD1BE106EB00A89A9A /* Debug */ = {
			isa = XCBuildConfiguration;
			buildSettings = {
				INFOPLIST_FILE = FirstMortgageUITests/Info.plist;
				LD_RUNPATH_SEARCH_PATHS = "$(inherited) @executable_path/Frameworks @loader_path/Frameworks";
				PRODUCT_BUNDLE_IDENTIFIER = com.trekk.FirstMortgageUITests;
				PRODUCT_NAME = "$(TARGET_NAME)";
				TEST_TARGET_NAME = FirstMortgage;
				USES_XCTRUNNER = YES;
			};
			name = Debug;
		};
		4FAF3CFE1BE106EB00A89A9A /* Release */ = {
			isa = XCBuildConfiguration;
			buildSettings = {
				INFOPLIST_FILE = FirstMortgageUITests/Info.plist;
				LD_RUNPATH_SEARCH_PATHS = "$(inherited) @executable_path/Frameworks @loader_path/Frameworks";
				PRODUCT_BUNDLE_IDENTIFIER = com.trekk.FirstMortgageUITests;
				PRODUCT_NAME = "$(TARGET_NAME)";
				TEST_TARGET_NAME = FirstMortgage;
				USES_XCTRUNNER = YES;
			};
			name = Release;
		};
/* End XCBuildConfiguration section */

/* Begin XCConfigurationList section */
		4FAF3CC91BE106EB00A89A9A /* Build configuration list for PBXProject "FirstMortgage" */ = {
			isa = XCConfigurationList;
			buildConfigurations = (
				4FAF3CF41BE106EB00A89A9A /* Debug */,
				4FAF3CF51BE106EB00A89A9A /* Release */,
			);
			defaultConfigurationIsVisible = 0;
			defaultConfigurationName = Release;
		};
		4FAF3CF61BE106EB00A89A9A /* Build configuration list for PBXNativeTarget "FirstMortgage" */ = {
			isa = XCConfigurationList;
			buildConfigurations = (
				4FAF3CF71BE106EB00A89A9A /* Debug */,
				4FAF3CF81BE106EB00A89A9A /* Release */,
			);
			defaultConfigurationIsVisible = 0;
			defaultConfigurationName = Release;
		};
		4FAF3CF91BE106EB00A89A9A /* Build configuration list for PBXNativeTarget "FirstMortgageTests" */ = {
			isa = XCConfigurationList;
			buildConfigurations = (
				4FAF3CFA1BE106EB00A89A9A /* Debug */,
				4FAF3CFB1BE106EB00A89A9A /* Release */,
			);
			defaultConfigurationIsVisible = 0;
			defaultConfigurationName = Release;
		};
		4FAF3CFC1BE106EB00A89A9A /* Build configuration list for PBXNativeTarget "FirstMortgageUITests" */ = {
			isa = XCConfigurationList;
			buildConfigurations = (
				4FAF3CFD1BE106EB00A89A9A /* Debug */,
				4FAF3CFE1BE106EB00A89A9A /* Release */,
			);
			defaultConfigurationIsVisible = 0;
			defaultConfigurationName = Release;
		};
/* End XCConfigurationList section */
	};
	rootObject = 4FAF3CC61BE106EB00A89A9A /* Project object */;
}
